
Microsoft Visual Studio Solution File, Format Version 12.00
# Visual Studio 15
VisualStudioVersion = 15.0.28307.271
MinimumVisualStudioVersion = 10.0.40219.1
Project("{9A19103F-16F7-4668-BE54-9A1E7A4F7556}") = "linqToXml", "linqToXml\linqToXml.csproj", "{7A1320D1-2C18-4D13-8E98-A5ECDCFDE34B}"
EndProject
Project("{9A19103F-16F7-4668-BE54-9A1E7A4F7556}") = "Linq", "LinqStudy\Linq.csproj", "{08B8800F-FC30-4F33-A39B-81D0DE90DF41}"
EndProject
Project("{FAE04EC0-301F-11D3-BF4B-00C04F79EFBC}") = "ConsoleApp1", "ConsoleApp1\ConsoleApp1.csproj", "{96ED69B0-A341-4442-96E4-1D9E60A8C914}"
EndProject
Project("{FAE04EC0-301F-11D3-BF4B-00C04F79EFBC}") = "PingStudy", "PingStudy\PingStudy.csproj", "{07E9D181-1F6A-4993-AEC9-159859B2D64D}"
EndProject
Project("{FAE04EC0-301F-11D3-BF4B-00C04F79EFBC}") = "标准查询", "标准查询\标准查询.csproj", "{748328AC-33BD-4719-A937-FC7C29068279}"
EndProject
Project("{FAE04EC0-301F-11D3-BF4B-00C04F79EFBC}") = "拓展方法", "拓展方法\拓展方法.csproj", "{25B911E1-F0E3-4FA2-BDBC-9DF6498B76D4}"
EndProject
Project("{FAE04EC0-301F-11D3-BF4B-00C04F79EFBC}") = "语法糖", "语法糖\语法糖.csproj", "{5F43EC98-819A-4E90-BCF4-710D3F250614}"
EndProject
Project("{FAE04EC0-301F-11D3-BF4B-00C04F79EFBC}") = "RealTimeChart", "RealTimeChart\RealTimeChart.csproj", "{3FD37791-6E5C-4BDE-90D9-D1DBED1220FA}"
EndProject
Project("{FAE04EC0-301F-11D3-BF4B-00C04F79EFBC}") = "ConstAndReadonly", "ConstAndReadonly\ConstAndReadonly.csproj", "{355744D5-014B-479D-B596-2873264D72BC}"
EndProject
Project("{FAE04EC0-301F-11D3-BF4B-00C04F79EFBC}") = "winform窗体间传值", "窗体间传值\winform窗体间传值.csproj", "{E1F53D47-4844-49FD-9CB5-012543FD32CB}"
EndProject
Project("{FAE04EC0-301F-11D3-BF4B-00C04F79EFBC}") = "多线程死锁", "多线程死锁\多线程死锁.csproj", "{906776A1-A06A-4C66-AB5B-064073E3CA83}"
EndProject
Project("{FAE04EC0-301F-11D3-BF4B-00C04F79EFBC}") = "多线程", "多线程\多线程.csproj", "{83754A75-7802-4443-87ED-74849EC9B724}"
EndProject
Project("{FAE04EC0-301F-11D3-BF4B-00C04F79EFBC}") = "线程池", "线程池\线程池.csproj", "{9DA58549-7F83-4499-A761-9F5959954B9A}"
EndProject
Project("{FAE04EC0-301F-11D3-BF4B-00C04F79EFBC}") = "delegate实现多线程", "delegate实现多线程\delegate实现多线程.csproj", "{0FA10AA5-4BDE-46F5-8068-5A01B2200284}"
EndProject
Project("{FAE04EC0-301F-11D3-BF4B-00C04F79EFBC}") = "Task实现多线程", "Task实现多线程\Task实现多线程.csproj", "{62661DD1-4C48-42D2-B824-ACF480B74DC6}"
EndProject
Project("{FAE04EC0-301F-11D3-BF4B-00C04F79EFBC}") = "HashtableStudy", "HashtableStudy\HashtableStudy.csproj", "{9A7A4493-35BD-4E21-8308-B161E2BDA968}"
EndProject
Project("{FAE04EC0-301F-11D3-BF4B-00C04F79EFBC}") = "异步方法", "异步方法\异步方法.csproj", "{5255D589-8419-4E6A-8C49-DAF6FC6AACA6}"
EndProject
Project("{FAE04EC0-301F-11D3-BF4B-00C04F79EFBC}") = "Random_Next产生不重复随机数", "Random.Next产生不重复随机数\Random_Next产生不重复随机数.csproj", "{5BC73E07-B1D1-4BF6-82C5-33847301C070}"
EndProject
Project("{FAE04EC0-301F-11D3-BF4B-00C04F79EFBC}") = "反射", "反射\反射.csproj", "{B3A44CC2-43EA-49BA-B154-B00373B27185}"
EndProject
Project("{FAE04EC0-301F-11D3-BF4B-00C04F79EFBC}") = "动态加载程序集", "动态加载程序集\动态加载程序集.csproj", "{E271448C-985A-4D98-B8BC-EFF28F22502A}"
EndProject
Project("{FAE04EC0-301F-11D3-BF4B-00C04F79EFBC}") = "序列化与反序列化", "序列化与反序列化\序列化与反序列化.csproj", "{EAF6CDD8-2A42-41DB-80B8-8C41637D1FF6}"
EndProject
Project("{FAE04EC0-301F-11D3-BF4B-00C04F79EFBC}") = "XML基本操作", "XML基本操作\XML基本操作.csproj", "{9F1F9254-DC5A-4B95-B5CA-56A9CBEB8ADC}"
EndProject
Project("{FAE04EC0-301F-11D3-BF4B-00C04F79EFBC}") = "Json基本操作", "Json基本操作\Json基本操作.csproj", "{6C878A7F-1202-4006-BA5C-ADCF164BAE0E}"
EndProject
Project("{FAE04EC0-301F-11D3-BF4B-00C04F79EFBC}") = "匿名类型", "匿名类型\匿名类型.csproj", "{2D2C2BB0-72CB-4CE6-A7AB-AEF7FA7B0A2D}"
EndProject
Project("{FAE04EC0-301F-11D3-BF4B-00C04F79EFBC}") = "正则表达式", "正则表达式\正则表达式.csproj", "{F1467CAB-D237-4332-8ED6-AC21547E9CD2}"
EndProject
Project("{FAE04EC0-301F-11D3-BF4B-00C04F79EFBC}") = "特性", "特性\特性.csproj", "{8A8B5980-313D-4B0A-84E9-093EC8FA17A1}"
EndProject
Project("{FAE04EC0-301F-11D3-BF4B-00C04F79EFBC}") = "winform中异步方法的应用", "winform中异步方法的应用\winform中异步方法的应用.csproj", "{31D9F0B0-8CD8-4A49-BAC0-4298C24AEE37}"
EndProject
Project("{FAE04EC0-301F-11D3-BF4B-00C04F79EFBC}") = "自定义类通过IEnumerable接口实现foreach操作", "自定义类通过IEnumerable接口实现foreach操作\自定义类通过IEnumerable接口实现foreach操作.csproj", "{CB4FF2F8-E270-43AD-B673-9A03BD3BD490}"
EndProject
Project("{FAE04EC0-301F-11D3-BF4B-00C04F79EFBC}") = "自定义类型转换", "自定义类型转换\自定义类型转换.csproj", "{90CA6D60-444D-49B6-B806-098D1E9404D5}"
EndProject
Project("{FAE04EC0-301F-11D3-BF4B-00C04F79EFBC}") = "运算符重载", "运算符重载\运算符重载.csproj", "{A4349633-A0F9-45FC-8D2C-32235DB8815F}"
EndProject
Project("{FAE04EC0-301F-11D3-BF4B-00C04F79EFBC}") = "带有超时限制的方法", "带有超时限制的方法\带有超时限制的方法.csproj", "{1D907C76-0803-4055-9A19-2CF1CBBFBAAE}"
EndProject
Project("{FAE04EC0-301F-11D3-BF4B-00C04F79EFBC}") = "泛型的协变和逆变", "泛型的协变和逆变\泛型的协变和逆变.csproj", "{97EDF649-C6FF-4616-8B6F-557F3D768F13}"
EndProject
Project("{FAE04EC0-301F-11D3-BF4B-00C04F79EFBC}") = "数组的协变", "数组的协变\数组的协变.csproj", "{813D1C2F-86E0-480B-8C05-F617FF74D0CE}"
EndProject
Project("{FAE04EC0-301F-11D3-BF4B-00C04F79EFBC}") = "子窗体控制父窗体显示和隐藏", "子窗体控制父窗体显示和隐藏\子窗体控制父窗体显示和隐藏.csproj", "{BF1F0B68-93A1-4823-98C9-04583E660D48}"
EndProject
Project("{FAE04EC0-301F-11D3-BF4B-00C04F79EFBC}") = "获取CPU序列号_网卡MAC地址_硬盘序列号", "获取CPU序列号_网卡MAC地址_硬盘序列号\获取CPU序列号_网卡MAC地址_硬盘序列号.csproj", "{306868F4-829E-4989-ADC3-8E16667769DA}"
EndProject
Project("{FAE04EC0-301F-11D3-BF4B-00C04F79EFBC}") = "简单三层架构实现用户登录窗口", "简单三层架构实现用户登录窗口\简单三层架构实现用户登录窗口.csproj", "{C79EE5D8-3F1A-417F-9930-53C71F4939C4}"
EndProject
Project("{FAE04EC0-301F-11D3-BF4B-00C04F79EFBC}") = "执行Dos命令和批处理", "执行Dos命令和批处理\执行Dos命令和批处理.csproj", "{FEC1D232-ABAC-4E41-A436-D3CEA7F7753D}"
EndProject
Project("{FAE04EC0-301F-11D3-BF4B-00C04F79EFBC}") = "配置文件的读写", "配置文件的读写\配置文件的读写.csproj", "{0AE54588-952E-43B4-9828-D2564DB06274}"
EndProject
Project("{FAE04EC0-301F-11D3-BF4B-00C04F79EFBC}") = "析构函数", "析构函数\析构函数.csproj", "{95FF30A4-5F32-4891-8F86-EC2AB46F2803}"
EndProject
Project("{FAE04EC0-301F-11D3-BF4B-00C04F79EFBC}") = "标准Dispose模式", "标准Dispose模式\标准Dispose模式.csproj", "{198573C7-55B2-4949-8F64-28D4BEDEAF0E}"
EndProject
Project("{FAE04EC0-301F-11D3-BF4B-00C04F79EFBC}") = "NPOI读写excel", "NPOI读写excel\NPOI读写excel.csproj", "{C5176B84-D14A-4FB2-8187-8BAE05765728}"
EndProject
Project("{FAE04EC0-301F-11D3-BF4B-00C04F79EFBC}") = "获取当前程序所在目录", "获取当前程序所在目录\获取当前程序所在目录.csproj", "{37189DE4-734B-4CFE-823D-AE4FFE3EAA18}"
EndProject
Project("{FAE04EC0-301F-11D3-BF4B-00C04F79EFBC}") = "DataGridView绑定DataTable数据源并指定对应", "DataGridView绑定DataTable数据源并指定对应\DataGridView绑定DataTable数据源并指定对应.csproj", "{74219350-52D9-4B83-8F66-7A1753856F71}"
EndProject
Project("{FAE04EC0-301F-11D3-BF4B-00C04F79EFBC}") = "泛型的类型约束", "泛型的类型约束\泛型的类型约束.csproj", "{82F25D76-4F35-4028-BFF0-0DAE4DE2BA0F}"
EndProject
Project("{FAE04EC0-301F-11D3-BF4B-00C04F79EFBC}") = "泛基", "泛基\泛基.csproj", "{A762E6A6-BA9D-4E33-85B3-E9E7C4D259E2}"
EndProject
Project("{FAE04EC0-301F-11D3-BF4B-00C04F79EFBC}") = "泛型单例", "泛型单例\泛型单例.csproj", "{6830AEC8-7AA4-4EF6-BAB3-DE2A4DA09C21}"
EndProject
Project("{FAE04EC0-301F-11D3-BF4B-00C04F79EFBC}") = "根据设备信息获取其对应的串口号", "根据设备信息获取其对应的串口号\根据设备信息获取其对应的串口号.csproj", "{1EF1D1DF-C64A-4DE0-B3D1-CCC034B87C33}"
EndProject
Project("{FAE04EC0-301F-11D3-BF4B-00C04F79EFBC}") = "写入日志文件", "写入日志文件\写入日志文件.csproj", "{8A6E0DFC-5BAC-4A34-B2DF-5A5057C43F39}"
EndProject
Project("{FAE04EC0-301F-11D3-BF4B-00C04F79EFBC}") = "元组的使用", "元组的使用\元组的使用.csproj", "{E537BB31-3B0D-45A2-B018-97460057C571}"
EndProject
Project("{FAE04EC0-301F-11D3-BF4B-00C04F79EFBC}") = "in作为方法参数修饰符的作用", "in作为方法参数修饰符的作用\in作为方法参数修饰符的作用.csproj", "{97DDCBD5-1396-4181-ACFC-DCA71E728AA3}"
EndProject
Project("{FAE04EC0-301F-11D3-BF4B-00C04F79EFBC}") = "checked和unchecked关键字", "checked和unchecked关键字\checked和unchecked关键字.csproj", "{08B45EF4-F8F2-4C7B-8B13-961AE82F8220}"
EndProject
Project("{FAE04EC0-301F-11D3-BF4B-00C04F79EFBC}") = "ListView的使用", "ListView的使用\ListView的使用.csproj", "{A8EC913D-3F7C-4BE9-A500-9DF0F8BB4CE3}"
EndProject
Project("{FAE04EC0-301F-11D3-BF4B-00C04F79EFBC}") = "索引器", "索引器\索引器.csproj", "{A7059E44-3790-4A83-A4AD-D34C4007BFEC}"
EndProject
Project("{FAE04EC0-301F-11D3-BF4B-00C04F79EFBC}") = "winform取消方向键对控件焦点控制的实现方法", "winform取消方向键对控件焦点控制的实现方法\winform取消方向键对控件焦点控制的实现方法.csproj", "{F9D70405-2FDE-4356-96E8-61D25587C1C8}"
EndProject
Project("{FAE04EC0-301F-11D3-BF4B-00C04F79EFBC}") = "winform程序添加快捷键", "winform程序添加快捷键\winform程序添加快捷键.csproj", "{C1718355-44DE-44B9-BCC8-98765BA430BC}"
EndProject
Project("{FAE04EC0-301F-11D3-BF4B-00C04F79EFBC}") = "winform加载多控件闪烁问题的解决办法", "winform加载多控件闪烁问题的解决办法\winform加载多控件闪烁问题的解决办法.csproj", "{53FCB179-E6D3-4A7B-BB6B-4D99BF7D753C}"
EndProject
Project("{FAE04EC0-301F-11D3-BF4B-00C04F79EFBC}") = "Lazy实现对象延迟加载", "Lazy实现对象延迟加载\Lazy实现对象延迟加载.csproj", "{0B1ED14B-1EC1-4DF5-B8D3-BDC7DBDD988D}"
EndProject
Project("{FAE04EC0-301F-11D3-BF4B-00C04F79EFBC}") = "字符串驻留池", "字符串驻留池\字符串驻留池.csproj", "{EDBCA4C9-B841-4E1C-92E9-4671E1AB0B9F}"
EndProject
Project("{FAE04EC0-301F-11D3-BF4B-00C04F79EFBC}") = "GDI绘图", "GDI绘图\GDI绘图.csproj", "{03AD9C1C-6246-4512-9188-C895C5A409C2}"
EndProject
Project("{FAE04EC0-301F-11D3-BF4B-00C04F79EFBC}") = "GDI绘制验证码", "GDI绘制验证码\GDI绘制验证码.csproj", "{80293012-5B6F-4C7D-8881-4A1DD9AB7DA6}"
EndProject
Project("{FAE04EC0-301F-11D3-BF4B-00C04F79EFBC}") = "MD5加密", "MD5加密\MD5加密.csproj", "{EC819974-3662-4B4B-A8F2-DCE01FE8E1C3}"
EndProject
Project("{FAE04EC0-301F-11D3-BF4B-00C04F79EFBC}") = "给数组赋值连续整数", "给数组赋值连续整数\给数组赋值连续整数.csproj", "{B4EAA9BA-344F-45B7-A137-0A07BF8F4E03}"
EndProject
Project("{FAE04EC0-301F-11D3-BF4B-00C04F79EFBC}") = "将数组转为二叉树", "将数组转为二叉树\将数组转为二叉树.csproj", "{2007FF0C-6104-494B-A4F1-9104003D7083}"
EndProject
Project("{FAE04EC0-301F-11D3-BF4B-00C04F79EFBC}") = "访问剪切板", "访问剪切板\访问剪切板.csproj", "{5AA26E12-4C22-4F5F-9A7B-8262DF814A6C}"
EndProject
Project("{FAE04EC0-301F-11D3-BF4B-00C04F79EFBC}") = "非独占延时", "非独占延时\非独占延时.csproj", "{562C0D60-F8DD-43A6-9A7B-B63E447D90BD}"
EndProject
Project("{FAE04EC0-301F-11D3-BF4B-00C04F79EFBC}") = "自定义特性", "自定义特性\自定义特性.csproj", "{5EA0DA70-500C-475E-B526-91142CC94488}"
EndProject
Project("{FAE04EC0-301F-11D3-BF4B-00C04F79EFBC}") = "winform菜单控件", "winform菜单控件\winform菜单控件.csproj", "{7CAB99AF-3FAE-46DF-AAB5-80CAD51E758D}"
EndProject
Project("{FAE04EC0-301F-11D3-BF4B-00C04F79EFBC}") = "winform右键菜单", "winform右键菜单\winform右键菜单.csproj", "{11712B70-4E94-4C17-8477-C5B5C551F636}"
EndProject
Project("{FAE04EC0-301F-11D3-BF4B-00C04F79EFBC}") = "winform托盘", "winform托盘\winform托盘.csproj", "{F916B953-01E3-476F-A478-71AB40DD59B2}"
EndProject
Project("{FAE04EC0-301F-11D3-BF4B-00C04F79EFBC}") = "winform状态栏", "winform状态栏\winform状态栏.csproj", "{ABBEE375-4AA5-46A8-B676-215520DDD3B4}"
EndProject
Project("{FAE04EC0-301F-11D3-BF4B-00C04F79EFBC}") = "winform的PropertyGrid", "winform的PropertyGrid\winform的PropertyGrid.csproj", "{7AAAACD2-1B49-4248-972E-74D7AD161B99}"
EndProject
Project("{FAE04EC0-301F-11D3-BF4B-00C04F79EFBC}") = "利用反射实现浅拷贝", "利用反射实现浅拷贝\利用反射实现浅拷贝.csproj", "{E8AEB079-EBEA-4DC9-A613-E2B0C9112898}"
EndProject
Project("{FAE04EC0-301F-11D3-BF4B-00C04F79EFBC}") = "利用反射实现ORM", "利用反射实现ORM\利用反射实现ORM.csproj", "{C7F1E5D8-3C4A-4CA5-8AD3-6D7D5FA2C2CB}"
EndProject
Project("{FAE04EC0-301F-11D3-BF4B-00C04F79EFBC}") = "不安全代码", "不安全代码\不安全代码.csproj", "{1FA84947-6956-4FD3-8D2D-DA4855910CE0}"
EndProject
Project("{FAE04EC0-301F-11D3-BF4B-00C04F79EFBC}") = "关于结构实现接口的一些问题", "关于结构实现接口的一些问题\关于结构实现接口的一些问题.csproj", "{BB5DFEBC-4015-418D-A6C7-9848539CB4CF}"
EndProject
Project("{FAE04EC0-301F-11D3-BF4B-00C04F79EFBC}") = "ORM框架之EntityFramework", "ORM框架之EntityFramework\ORM框架之EntityFramework.csproj", "{3D6653E3-2C4C-4411-A99D-2B8769FCB116}"
EndProject
Project("{FAE04EC0-301F-11D3-BF4B-00C04F79EFBC}") = "ORM框架之Dapper", "ORM框架之Dapper\ORM框架之Dapper.csproj", "{6888E3A6-0D01-4456-AC38-3A99DF44079E}"
EndProject
Project("{FAE04EC0-301F-11D3-BF4B-00C04F79EFBC}") = "ORM框架之SqlSugar", "ORM框架之SqlSugar\ORM框架之SqlSugar.csproj", "{530ED532-E7CF-4536-885D-95D07DC6B5EF}"
EndProject
Project("{FAE04EC0-301F-11D3-BF4B-00C04F79EFBC}") = "参数数组params", "参数数组params\参数数组params.csproj", "{2B049770-94A5-4444-9C6A-868CA0346E2A}"
EndProject
Project("{FAE04EC0-301F-11D3-BF4B-00C04F79EFBC}") = "弱引用", "弱引用\弱引用.csproj", "{5D250405-DBBD-4694-BE71-78F2A989CE03}"
EndProject
Project("{FAE04EC0-301F-11D3-BF4B-00C04F79EFBC}") = "winform的treeview控件", "winform的treeview控件\winform的treeview控件.csproj", "{CCB25944-06C7-465C-B516-D3240FB633C5}"
EndProject
Project("{FAE04EC0-301F-11D3-BF4B-00C04F79EFBC}") = "序列化的一个简单应用", "序列化的一个简单应用\序列化的一个简单应用.csproj", "{B136D1DA-8FA5-4108-B818-8FE4B66E69D1}"
EndProject
Project("{FAE04EC0-301F-11D3-BF4B-00C04F79EFBC}") = "序列化保存配置文件", "序列化保存配置文件\序列化保存配置文件.csproj", "{9560BB21-616C-4A59-89BB-45C8C70D508D}"
EndProject
Project("{FAE04EC0-301F-11D3-BF4B-00C04F79EFBC}") = "文件加密和解密", "文件加密和解密\文件加密和解密.csproj", "{C8213A11-72A8-41C5-A561-6640846B81A8}"
EndProject
Project("{FAE04EC0-301F-11D3-BF4B-00C04F79EFBC}") = "文件锁的实现", "文件锁的实现\文件锁的实现.csproj", "{E4AB6AD7-DDB6-423B-9200-8E797F9E5025}"
EndProject
Project("{FAE04EC0-301F-11D3-BF4B-00C04F79EFBC}") = "利用反射实现深拷贝", "利用反射实现深拷贝\利用反射实现深拷贝.csproj", "{6B8E545D-BD75-4CF8-8617-B2DD381116D0}"
EndProject
Project("{FAE04EC0-301F-11D3-BF4B-00C04F79EFBC}") = "简单记事本", "实现简单记事本以及记事本插件\简单记事本.csproj", "{09D4C7BA-9062-4923-9DE6-04BB96598AFC}"
EndProject
Project("{FAE04EC0-301F-11D3-BF4B-00C04F79EFBC}") = "标志枚举和普通枚举的区别", "标志枚举和普通枚举的区别\标志枚举和普通枚举的区别.csproj", "{57DAD2F4-596B-4F90-BE5B-D52303D0ECBC}"
EndProject
Project("{FAE04EC0-301F-11D3-BF4B-00C04F79EFBC}") = "MyNotepadInterface", "MyNotepadInterface\MyNotepadInterface.csproj", "{B5B5A780-C79B-4F98-A3F4-BAA20C59F07E}"
EndProject
Project("{FAE04EC0-301F-11D3-BF4B-00C04F79EFBC}") = "MyNotepadAddonToUpper", "MyNotepadAddonToUpper\MyNotepadAddonToUpper.csproj", "{B2F4E5F0-4FEC-4079-9908-5819D929EC19}"
EndProject
Project("{2150E333-8FDC-42A3-9474-1A3956D46DE8}") = "自定义记事本以及插件", "自定义记事本以及插件", "{D6D52FEE-9407-42FA-A2D4-5DF9CD9E2DD6}"
EndProject
Project("{FAE04EC0-301F-11D3-BF4B-00C04F79EFBC}") = "将xml文件递归加载到treeview控件上", "将xml文件递归加载到treeview控件上\将xml文件递归加载到treeview控件上.csproj", "{8124FCF6-7C3E-4616-BAD3-C4245F7CEE7B}"
EndProject
Project("{FAE04EC0-301F-11D3-BF4B-00C04F79EFBC}") = "Xpath操作", "Xpath操作\Xpath操作.csproj", "{5D81AB8D-38BA-4B01-9476-C36B5438FECB}"
EndProject
Project("{FAE04EC0-301F-11D3-BF4B-00C04F79EFBC}") = "GDI绘制移动图形", "GDI绘制移动图形\GDI绘制移动图形.csproj", "{3EBBF4F6-344C-4408-8F42-53E522616881}"
EndProject
Project("{FAE04EC0-301F-11D3-BF4B-00C04F79EFBC}") = "Volatile关键字", "Volatile关键字\Volatile关键字.csproj", "{8AD47DB2-82D6-4F5F-8014-0C6762DE18E5}"
EndProject
Project("{FAE04EC0-301F-11D3-BF4B-00C04F79EFBC}") = "Interlocked类为多线程共享变量提供原子操作", "Interlocked类为多线程共享变量提供原子操作\Interlocked类为多线程共享变量提供原子操作.csproj", "{C8ABCEBA-2CC0-470A-8D82-DC337FDAC0B8}"
EndProject
Project("{FAE04EC0-301F-11D3-BF4B-00C04F79EFBC}") = "FieldOffset特性实现共用体", "FieldOffset特性实现共用体\FieldOffset特性实现共用体.csproj", "{7C49158F-3E08-4AEB-8B1E-7258465B73DB}"
EndProject
Project("{FAE04EC0-301F-11D3-BF4B-00C04F79EFBC}") = "winform多文档窗体", "winform多文档窗体\winform多文档窗体.csproj", "{25FBAC13-09DC-40DE-B289-95D31C5EB369}"
EndProject
Project("{FAE04EC0-301F-11D3-BF4B-00C04F79EFBC}") = "CSV文件读写helper", "CSV文件读写helper\CSV文件读写helper.csproj", "{DC5D03FC-77BA-498E-B7A5-8C16BCDABA09}"
EndProject
Project("{FAE04EC0-301F-11D3-BF4B-00C04F79EFBC}") = "FTP操作辅助类", "FTP操作辅助类\FTP操作辅助类.csproj", "{A691DB0C-C5D1-4E9E-8236-0CB17DBEBF94}"
EndProject
Project("{FAE04EC0-301F-11D3-BF4B-00C04F79EFBC}") = "winform信息提示控件toolTip", "winform信息提示控件toolTip\winform信息提示控件toolTip.csproj", "{2C21B5B2-6C40-42DB-A915-88C77B03D269}"
EndProject
Project("{FAE04EC0-301F-11D3-BF4B-00C04F79EFBC}") = "winform错误提示控件errorProvider", "winform错误提示控件errorProvider\winform错误提示控件errorProvider.csproj", "{CDC53ADF-9EF2-4BA9-B4EC-CFB5E54555D2}"
EndProject
Project("{FAE04EC0-301F-11D3-BF4B-00C04F79EFBC}") = "winform窗体单例", "winform窗体单例\winform窗体单例.csproj", "{C77A713C-FF06-417B-B8C1-FC28C93545FD}"
EndProject
Project("{FAE04EC0-301F-11D3-BF4B-00C04F79EFBC}") = "winform实现简单的窗体侧边栏", "winform实现简单的窗体侧边栏\winform实现简单的窗体侧边栏.csproj", "{777A54F1-7EAD-4241-AD71-422845C44EF4}"
EndProject
Project("{FAE04EC0-301F-11D3-BF4B-00C04F79EFBC}") = "多播委托因异常而终止的解决方案", "多播委托因异常而终止的解决方案\多播委托因异常而终止的解决方案.csproj", "{E0A1F3F4-A9C0-400C-A221-822072301562}"
EndProject
Project("{FAE04EC0-301F-11D3-BF4B-00C04F79EFBC}") = "关于闭包", "关于闭包\关于闭包.csproj", "{204EC53C-BCEF-4B33-91ED-45DFA6EC2359}"
EndProject
Project("{FAE04EC0-301F-11D3-BF4B-00C04F79EFBC}") = "闭包中的陷阱", "闭包中的陷阱\闭包中的陷阱.csproj", "{E51514E5-6118-4477-917F-EA06FFD17720}"
EndProject
Project("{FAE04EC0-301F-11D3-BF4B-00C04F79EFBC}") = "使用Process类打开文件或系统应用", "使用Process类打开文件或系统应用\使用Process类打开文件或系统应用.csproj", "{44AD0EF8-790C-45C9-9059-16FE92A2FB84}"
EndProject
Project("{FAE04EC0-301F-11D3-BF4B-00C04F79EFBC}") = "结构体使用属性时遇到的坑", "结构体使用属性时遇到的坑\结构体使用属性时遇到的坑.csproj", "{A60D78A3-0381-484A-9D38-88DBF2325CB4}"
EndProject
Project("{FAE04EC0-301F-11D3-BF4B-00C04F79EFBC}") = "$字符串内插", "$字符串内插\$字符串内插.csproj", "{1DAAC46F-2E5C-449F-8456-F6787BC8D827}"
EndProject
Project("{FAE04EC0-301F-11D3-BF4B-00C04F79EFBC}") = "获取字符串所占的字节数", "获取字符串所占的字节数\获取字符串所占的字节数.csproj", "{830221BD-6607-4E69-9644-4DE848811EA4}"
EndProject
Project("{FAE04EC0-301F-11D3-BF4B-00C04F79EFBC}") = "表达式树", "表达式树\表达式树.csproj", "{B207CA85-410C-4AE4-82DC-0086663DDB02}"
EndProject
Project("{FAE04EC0-301F-11D3-BF4B-00C04F79EFBC}") = "Textbox数据绑定", "Textbox数据绑定\Textbox数据绑定.csproj", "{0CAF6002-4AF3-4BFA-BCB8-967445865E24}"
EndProject
Project("{FAE04EC0-301F-11D3-BF4B-00C04F79EFBC}") = "DataGridView数据绑定", "DataGridView数据绑定\DataGridView数据绑定.csproj", "{7103A17B-A80A-45C3-9C7C-9D81AC5C6CBC}"
EndProject
Project("{FAE04EC0-301F-11D3-BF4B-00C04F79EFBC}") = "winform窗体自适应", "winform窗体自适应\winform窗体自适应.csproj", "{D4AA1E15-4C5F-4B8E-B72A-5787439FD1F0}"
EndProject
Project("{FAE04EC0-301F-11D3-BF4B-00C04F79EFBC}") = "winform程序禁止多开", "winform程序禁止多开\winform程序禁止多开.csproj", "{383E018B-2F2D-4C5E-A117-E51E7BF0F203}"
EndProject
Project("{FAE04EC0-301F-11D3-BF4B-00C04F79EFBC}") = "winform控件焦点的变换", "winform控件焦点的变换\winform控件焦点的变换.csproj", "{AE31FBA9-9202-48A9-8860-A21FA1370AA6}"
EndProject
Project("{FAE04EC0-301F-11D3-BF4B-00C04F79EFBC}") = "winform_MaskedTextBox控件实现输入验证", "winform_MaskedTextBox控件实现输入验证\winform_MaskedTextBox控件实现输入验证.csproj", "{0E2CB18C-F168-41BD-8143-1C1464CCCAD0}"
EndProject
Project("{FAE04EC0-301F-11D3-BF4B-00C04F79EFBC}") = "winform窗体显示在最顶层", "winform窗体显示在最顶层\winform窗体显示在最顶层.csproj", "{8DCF2FD7-59B5-4D4E-AC02-9D520195B82B}"
EndProject
Project("{FAE04EC0-301F-11D3-BF4B-00C04F79EFBC}") = "判断文件是否正在被使用", "判断文件是否正在被使用\判断文件是否正在被使用.csproj", "{0139454E-DD15-4C69-84EC-A03CFB33327B}"
EndProject
Project("{FAE04EC0-301F-11D3-BF4B-00C04F79EFBC}") = "winform实现文件拖放", "winform实现文件拖放\winform实现文件拖放.csproj", "{E52F8533-5A14-4757-BD09-470D9C1D8D40}"
EndProject
Project("{FAE04EC0-301F-11D3-BF4B-00C04F79EFBC}") = "图片添加水印", "图片添加水印\图片添加水印.csproj", "{A1E03F82-157B-4BCE-9064-300C1A5C49B4}"
EndProject
Project("{FAE04EC0-301F-11D3-BF4B-00C04F79EFBC}") = "判断程序是否是以管理员权限运行", "判断程序是否是以管理员权限运行\判断程序是否是以管理员权限运行.csproj", "{42EA7E4B-D9FD-4E19-8314-18361E3C74C7}"
EndProject
Project("{FAE04EC0-301F-11D3-BF4B-00C04F79EFBC}") = "获取电脑连接的所有设备的信息", "获取电脑连接的所有设备的信息\获取电脑连接的所有设备的信息.csproj", "{5F558AD5-E71B-4272-B6CD-A7D62F04C22E}"
EndProject
Project("{FAE04EC0-301F-11D3-BF4B-00C04F79EFBC}") = "以不同的进制输出数字", "以不同的进制输出数字\以不同的进制输出数字.csproj", "{C8BC06A2-8598-4135-B8A1-8841D61E3A8F}"
EndProject
Project("{FAE04EC0-301F-11D3-BF4B-00C04F79EFBC}") = "使用goto跳出多层循环", "使用goto跳出多层循环\使用goto跳出多层循环.csproj", "{F9F7F1D6-0C0F-4A61-9C8C-053E198452A8}"
EndProject
Project("{FAE04EC0-301F-11D3-BF4B-00C04F79EFBC}") = "在switch块中使用goto", "在switch块中使用goto\在switch块中使用goto.csproj", "{B5F05FBB-664D-42DE-BB89-2446FAF9B1BE}"
EndProject
Project("{FAE04EC0-301F-11D3-BF4B-00C04F79EFBC}") = "预处理指令", "预处理指令\预处理指令.csproj", "{F1482EF9-2BC4-426D-AEFA-B1C13B9B568A}"
EndProject
Project("{FAE04EC0-301F-11D3-BF4B-00C04F79EFBC}") = "重载方法的优先级", "重载方法的优先级\重载方法的优先级.csproj", "{046815E5-7635-4E83-93D1-170E4774AFB2}"
EndProject
Project("{FAE04EC0-301F-11D3-BF4B-00C04F79EFBC}") = "枚举类型的遍历", "枚举类型的遍历\枚举类型的遍历.csproj", "{0D59AFA8-FD51-4711-B443-4E374A0DFA4F}"
EndProject
Project("{FAE04EC0-301F-11D3-BF4B-00C04F79EFBC}") = "winform应用程序未处理异常的统一处理技巧", "winform应用程序未处理异常的统一处理技巧\winform应用程序未处理异常的统一处理技巧.csproj", "{1BA9003B-74D0-48AF-A3B7-8D640D10C783}"
EndProject
Project("{FAE04EC0-301F-11D3-BF4B-00C04F79EFBC}") = "Parallel并行任务", "Parallel并行任务\Parallel并行任务.csproj", "{E5D0225F-81E6-4FFE-AD5F-5BC866EB4D3A}"
EndProject
Project("{FAE04EC0-301F-11D3-BF4B-00C04F79EFBC}") = "winform如何让TextBox只接受数字输入", "winform如何让TextBox只接受数字输入\winform如何让TextBox只接受数字输入.csproj", "{621A5568-3350-4075-8A04-413CA7055DF0}"
EndProject
Project("{FAE04EC0-301F-11D3-BF4B-00C04F79EFBC}") = "winform动态添加控件", "winform动态添加控件\winform动态添加控件.csproj", "{B51203D7-5A40-47CE-9FBD-CFA81BCF8368}"
EndProject
Project("{FAE04EC0-301F-11D3-BF4B-00C04F79EFBC}") = "下载网页源码", "下载网页源码\下载网页源码.csproj", "{23D60B98-74E1-46FA-B5E2-ACAD34A9B53B}"
EndProject
Project("{FAE04EC0-301F-11D3-BF4B-00C04F79EFBC}") = "下载文件", "下载文件\下载文件.csproj", "{25C40B16-52A3-419F-BD28-64F1A662A78A}"
EndProject
Project("{FAE04EC0-301F-11D3-BF4B-00C04F79EFBC}") = "键盘钩子", "键盘钩子\键盘钩子.csproj", "{1F3213A7-753E-4C37-B271-B873B2F7D82A}"
EndProject
Project("{FAE04EC0-301F-11D3-BF4B-00C04F79EFBC}") = "Lambda实现属性多态模式", "Lambda实现属性多态模式\Lambda实现属性多态模式.csproj", "{64953C82-64CD-4762-8464-775805DDEFCB}"
EndProject
Project("{FAE04EC0-301F-11D3-BF4B-00C04F79EFBC}") = "CSharp中的一些坑", "CSharp中的一些坑\CSharp中的一些坑.csproj", "{9B9D1C16-1ACB-45C1-B597-657A38EBE5C2}"
EndProject
Project("{FAE04EC0-301F-11D3-BF4B-00C04F79EFBC}") = "通过文件头判断文件的类型", "通过文件头判断文件的类型\通过文件头判断文件的类型.csproj", "{CA3B0087-FCC8-40D6-AA9B-A0D0B9C4D8CC}"
EndProject
Project("{FAE04EC0-301F-11D3-BF4B-00C04F79EFBC}") = "winform实现窗体抖动", "winform实现窗体抖动\winform实现窗体抖动.csproj", "{7B9BD579-4F32-4B8B-B610-FCE545F71371}"
EndProject
Project("{FAE04EC0-301F-11D3-BF4B-00C04F79EFBC}") = "获取本机IP地址", "获取本机IP地址\获取本机IP地址.csproj", "{046C9DFC-26EF-401C-80FE-15FC409EAEDC}"
EndProject
Project("{FAE04EC0-301F-11D3-BF4B-00C04F79EFBC}") = "winform控件combobox绑定枚举类型", "winform控件combobox绑定枚举类型\winform控件combobox绑定枚举类型.csproj", "{B6D045C2-FC5A-49A3-A575-7C1957C3DC6A}"
EndProject
Project("{FAE04EC0-301F-11D3-BF4B-00C04F79EFBC}") = "显示实现接口成员", "显示实现接口成员\显示实现接口成员.csproj", "{EB87CC49-B23A-4BA2-8055-FC77C4EB5C5F}"
EndProject
Project("{FAE04EC0-301F-11D3-BF4B-00C04F79EFBC}") = "字符串转枚举类型", "字符串转枚举类型\字符串转枚举类型.csproj", "{239FD3DC-F933-4E17-AA82-8A9F93AF1551}"
EndProject
Project("{FAE04EC0-301F-11D3-BF4B-00C04F79EFBC}") = "Dictionary的Xml序列化", "Dictionary的Xml序列化\Dictionary的Xml序列化.csproj", "{A8153E35-9A07-495D-95A4-E8B84B4B1AF3}"
EndProject
Project("{FAE04EC0-301F-11D3-BF4B-00C04F79EFBC}") = "CSharp踩坑之double强转float", "CSharp踩坑之float强转double\CSharp踩坑之double强转float.csproj", "{8FAC585C-8E23-4112-A6CB-BD2912503FEE}"
EndProject
Project("{FAE04EC0-301F-11D3-BF4B-00C04F79EFBC}") = "ICloneable接口实现对象的拷贝", "ICloneable接口实现对象的拷贝\ICloneable接口实现对象的拷贝.csproj", "{478D361A-69DD-4BF2-B2FA-B7D34C865C85}"
EndProject
Project("{FAE04EC0-301F-11D3-BF4B-00C04F79EFBC}") = "CSharp踩坑之Round方法", "CSharp踩坑之Round方法\CSharp踩坑之Round方法.csproj", "{DA8EC0B5-061B-44EF-9251-BC06C5C367C4}"
EndProject
Project("{FAE04EC0-301F-11D3-BF4B-00C04F79EFBC}") = "为枚举类型添加描述方法", "为枚举类型添加描述方法\为枚举类型添加描述方法.csproj", "{33033DBA-5CF3-40DD-BB1E-3CBFE26FE9E7}"
EndProject
Project("{FAE04EC0-301F-11D3-BF4B-00C04F79EFBC}") = "INotifyPropertyChanged接口实现对象属性变更通知", "INotifyPropertyChanged接口实现对象属性变更通知\INotifyPropertyChanged接口实现对象属性变更通知.csproj", "{471771FA-B569-45D2-B03D-8A749CDBCEF0}"
EndProject
Project("{FAE04EC0-301F-11D3-BF4B-00C04F79EFBC}") = "枚举类型继承整数类型", "枚举类型继承整数类型\枚举类型继承整数类型.csproj", "{D2E72E92-ED66-4AB9-89A6-7F506E1474E0}"
EndProject
Global
	GlobalSection(SolutionConfigurationPlatforms) = preSolution
		Debug|Any CPU = Debug|Any CPU
		Release|Any CPU = Release|Any CPU
	EndGlobalSection
	GlobalSection(ProjectConfigurationPlatforms) = postSolution
		{7A1320D1-2C18-4D13-8E98-A5ECDCFDE34B}.Debug|Any CPU.ActiveCfg = Debug|Any CPU
		{7A1320D1-2C18-4D13-8E98-A5ECDCFDE34B}.Debug|Any CPU.Build.0 = Debug|Any CPU
		{7A1320D1-2C18-4D13-8E98-A5ECDCFDE34B}.Release|Any CPU.ActiveCfg = Release|Any CPU
		{7A1320D1-2C18-4D13-8E98-A5ECDCFDE34B}.Release|Any CPU.Build.0 = Release|Any CPU
		{08B8800F-FC30-4F33-A39B-81D0DE90DF41}.Debug|Any CPU.ActiveCfg = Debug|Any CPU
		{08B8800F-FC30-4F33-A39B-81D0DE90DF41}.Debug|Any CPU.Build.0 = Debug|Any CPU
		{08B8800F-FC30-4F33-A39B-81D0DE90DF41}.Release|Any CPU.ActiveCfg = Release|Any CPU
		{08B8800F-FC30-4F33-A39B-81D0DE90DF41}.Release|Any CPU.Build.0 = Release|Any CPU
		{96ED69B0-A341-4442-96E4-1D9E60A8C914}.Debug|Any CPU.ActiveCfg = Debug|Any CPU
		{96ED69B0-A341-4442-96E4-1D9E60A8C914}.Debug|Any CPU.Build.0 = Debug|Any CPU
		{96ED69B0-A341-4442-96E4-1D9E60A8C914}.Release|Any CPU.ActiveCfg = Release|Any CPU
		{96ED69B0-A341-4442-96E4-1D9E60A8C914}.Release|Any CPU.Build.0 = Release|Any CPU
		{07E9D181-1F6A-4993-AEC9-159859B2D64D}.Debug|Any CPU.ActiveCfg = Debug|Any CPU
		{07E9D181-1F6A-4993-AEC9-159859B2D64D}.Debug|Any CPU.Build.0 = Debug|Any CPU
		{07E9D181-1F6A-4993-AEC9-159859B2D64D}.Release|Any CPU.ActiveCfg = Release|Any CPU
		{07E9D181-1F6A-4993-AEC9-159859B2D64D}.Release|Any CPU.Build.0 = Release|Any CPU
		{748328AC-33BD-4719-A937-FC7C29068279}.Debug|Any CPU.ActiveCfg = Debug|Any CPU
		{748328AC-33BD-4719-A937-FC7C29068279}.Debug|Any CPU.Build.0 = Debug|Any CPU
		{748328AC-33BD-4719-A937-FC7C29068279}.Release|Any CPU.ActiveCfg = Release|Any CPU
		{748328AC-33BD-4719-A937-FC7C29068279}.Release|Any CPU.Build.0 = Release|Any CPU
		{25B911E1-F0E3-4FA2-BDBC-9DF6498B76D4}.Debug|Any CPU.ActiveCfg = Debug|Any CPU
		{25B911E1-F0E3-4FA2-BDBC-9DF6498B76D4}.Debug|Any CPU.Build.0 = Debug|Any CPU
		{25B911E1-F0E3-4FA2-BDBC-9DF6498B76D4}.Release|Any CPU.ActiveCfg = Release|Any CPU
		{25B911E1-F0E3-4FA2-BDBC-9DF6498B76D4}.Release|Any CPU.Build.0 = Release|Any CPU
		{5F43EC98-819A-4E90-BCF4-710D3F250614}.Debug|Any CPU.ActiveCfg = Debug|Any CPU
		{5F43EC98-819A-4E90-BCF4-710D3F250614}.Debug|Any CPU.Build.0 = Debug|Any CPU
		{5F43EC98-819A-4E90-BCF4-710D3F250614}.Release|Any CPU.ActiveCfg = Release|Any CPU
		{5F43EC98-819A-4E90-BCF4-710D3F250614}.Release|Any CPU.Build.0 = Release|Any CPU
		{3FD37791-6E5C-4BDE-90D9-D1DBED1220FA}.Debug|Any CPU.ActiveCfg = Debug|Any CPU
		{3FD37791-6E5C-4BDE-90D9-D1DBED1220FA}.Debug|Any CPU.Build.0 = Debug|Any CPU
		{3FD37791-6E5C-4BDE-90D9-D1DBED1220FA}.Release|Any CPU.ActiveCfg = Release|Any CPU
		{3FD37791-6E5C-4BDE-90D9-D1DBED1220FA}.Release|Any CPU.Build.0 = Release|Any CPU
		{355744D5-014B-479D-B596-2873264D72BC}.Debug|Any CPU.ActiveCfg = Debug|Any CPU
		{355744D5-014B-479D-B596-2873264D72BC}.Debug|Any CPU.Build.0 = Debug|Any CPU
		{355744D5-014B-479D-B596-2873264D72BC}.Release|Any CPU.ActiveCfg = Release|Any CPU
		{355744D5-014B-479D-B596-2873264D72BC}.Release|Any CPU.Build.0 = Release|Any CPU
		{E1F53D47-4844-49FD-9CB5-012543FD32CB}.Debug|Any CPU.ActiveCfg = Debug|Any CPU
		{E1F53D47-4844-49FD-9CB5-012543FD32CB}.Debug|Any CPU.Build.0 = Debug|Any CPU
		{E1F53D47-4844-49FD-9CB5-012543FD32CB}.Release|Any CPU.ActiveCfg = Release|Any CPU
		{E1F53D47-4844-49FD-9CB5-012543FD32CB}.Release|Any CPU.Build.0 = Release|Any CPU
		{906776A1-A06A-4C66-AB5B-064073E3CA83}.Debug|Any CPU.ActiveCfg = Debug|Any CPU
		{906776A1-A06A-4C66-AB5B-064073E3CA83}.Debug|Any CPU.Build.0 = Debug|Any CPU
		{906776A1-A06A-4C66-AB5B-064073E3CA83}.Release|Any CPU.ActiveCfg = Release|Any CPU
		{906776A1-A06A-4C66-AB5B-064073E3CA83}.Release|Any CPU.Build.0 = Release|Any CPU
		{83754A75-7802-4443-87ED-74849EC9B724}.Debug|Any CPU.ActiveCfg = Debug|Any CPU
		{83754A75-7802-4443-87ED-74849EC9B724}.Debug|Any CPU.Build.0 = Debug|Any CPU
		{83754A75-7802-4443-87ED-74849EC9B724}.Release|Any CPU.ActiveCfg = Release|Any CPU
		{83754A75-7802-4443-87ED-74849EC9B724}.Release|Any CPU.Build.0 = Release|Any CPU
		{9DA58549-7F83-4499-A761-9F5959954B9A}.Debug|Any CPU.ActiveCfg = Debug|Any CPU
		{9DA58549-7F83-4499-A761-9F5959954B9A}.Debug|Any CPU.Build.0 = Debug|Any CPU
		{9DA58549-7F83-4499-A761-9F5959954B9A}.Release|Any CPU.ActiveCfg = Release|Any CPU
		{9DA58549-7F83-4499-A761-9F5959954B9A}.Release|Any CPU.Build.0 = Release|Any CPU
		{0FA10AA5-4BDE-46F5-8068-5A01B2200284}.Debug|Any CPU.ActiveCfg = Debug|Any CPU
		{0FA10AA5-4BDE-46F5-8068-5A01B2200284}.Debug|Any CPU.Build.0 = Debug|Any CPU
		{0FA10AA5-4BDE-46F5-8068-5A01B2200284}.Release|Any CPU.ActiveCfg = Release|Any CPU
		{0FA10AA5-4BDE-46F5-8068-5A01B2200284}.Release|Any CPU.Build.0 = Release|Any CPU
		{62661DD1-4C48-42D2-B824-ACF480B74DC6}.Debug|Any CPU.ActiveCfg = Debug|Any CPU
		{62661DD1-4C48-42D2-B824-ACF480B74DC6}.Debug|Any CPU.Build.0 = Debug|Any CPU
		{62661DD1-4C48-42D2-B824-ACF480B74DC6}.Release|Any CPU.ActiveCfg = Release|Any CPU
		{62661DD1-4C48-42D2-B824-ACF480B74DC6}.Release|Any CPU.Build.0 = Release|Any CPU
		{9A7A4493-35BD-4E21-8308-B161E2BDA968}.Debug|Any CPU.ActiveCfg = Debug|Any CPU
		{9A7A4493-35BD-4E21-8308-B161E2BDA968}.Debug|Any CPU.Build.0 = Debug|Any CPU
		{9A7A4493-35BD-4E21-8308-B161E2BDA968}.Release|Any CPU.ActiveCfg = Release|Any CPU
		{9A7A4493-35BD-4E21-8308-B161E2BDA968}.Release|Any CPU.Build.0 = Release|Any CPU
		{5255D589-8419-4E6A-8C49-DAF6FC6AACA6}.Debug|Any CPU.ActiveCfg = Debug|Any CPU
		{5255D589-8419-4E6A-8C49-DAF6FC6AACA6}.Debug|Any CPU.Build.0 = Debug|Any CPU
		{5255D589-8419-4E6A-8C49-DAF6FC6AACA6}.Release|Any CPU.ActiveCfg = Release|Any CPU
		{5255D589-8419-4E6A-8C49-DAF6FC6AACA6}.Release|Any CPU.Build.0 = Release|Any CPU
		{5BC73E07-B1D1-4BF6-82C5-33847301C070}.Debug|Any CPU.ActiveCfg = Debug|Any CPU
		{5BC73E07-B1D1-4BF6-82C5-33847301C070}.Debug|Any CPU.Build.0 = Debug|Any CPU
		{5BC73E07-B1D1-4BF6-82C5-33847301C070}.Release|Any CPU.ActiveCfg = Release|Any CPU
		{5BC73E07-B1D1-4BF6-82C5-33847301C070}.Release|Any CPU.Build.0 = Release|Any CPU
		{B3A44CC2-43EA-49BA-B154-B00373B27185}.Debug|Any CPU.ActiveCfg = Debug|Any CPU
		{B3A44CC2-43EA-49BA-B154-B00373B27185}.Debug|Any CPU.Build.0 = Debug|Any CPU
		{B3A44CC2-43EA-49BA-B154-B00373B27185}.Release|Any CPU.ActiveCfg = Release|Any CPU
		{B3A44CC2-43EA-49BA-B154-B00373B27185}.Release|Any CPU.Build.0 = Release|Any CPU
		{E271448C-985A-4D98-B8BC-EFF28F22502A}.Debug|Any CPU.ActiveCfg = Debug|Any CPU
		{E271448C-985A-4D98-B8BC-EFF28F22502A}.Debug|Any CPU.Build.0 = Debug|Any CPU
		{E271448C-985A-4D98-B8BC-EFF28F22502A}.Release|Any CPU.ActiveCfg = Release|Any CPU
		{E271448C-985A-4D98-B8BC-EFF28F22502A}.Release|Any CPU.Build.0 = Release|Any CPU
		{EAF6CDD8-2A42-41DB-80B8-8C41637D1FF6}.Debug|Any CPU.ActiveCfg = Debug|Any CPU
		{EAF6CDD8-2A42-41DB-80B8-8C41637D1FF6}.Debug|Any CPU.Build.0 = Debug|Any CPU
		{EAF6CDD8-2A42-41DB-80B8-8C41637D1FF6}.Release|Any CPU.ActiveCfg = Release|Any CPU
		{EAF6CDD8-2A42-41DB-80B8-8C41637D1FF6}.Release|Any CPU.Build.0 = Release|Any CPU
		{9F1F9254-DC5A-4B95-B5CA-56A9CBEB8ADC}.Debug|Any CPU.ActiveCfg = Debug|Any CPU
		{9F1F9254-DC5A-4B95-B5CA-56A9CBEB8ADC}.Debug|Any CPU.Build.0 = Debug|Any CPU
		{9F1F9254-DC5A-4B95-B5CA-56A9CBEB8ADC}.Release|Any CPU.ActiveCfg = Release|Any CPU
		{9F1F9254-DC5A-4B95-B5CA-56A9CBEB8ADC}.Release|Any CPU.Build.0 = Release|Any CPU
		{6C878A7F-1202-4006-BA5C-ADCF164BAE0E}.Debug|Any CPU.ActiveCfg = Debug|Any CPU
		{6C878A7F-1202-4006-BA5C-ADCF164BAE0E}.Debug|Any CPU.Build.0 = Debug|Any CPU
		{6C878A7F-1202-4006-BA5C-ADCF164BAE0E}.Release|Any CPU.ActiveCfg = Release|Any CPU
		{6C878A7F-1202-4006-BA5C-ADCF164BAE0E}.Release|Any CPU.Build.0 = Release|Any CPU
		{2D2C2BB0-72CB-4CE6-A7AB-AEF7FA7B0A2D}.Debug|Any CPU.ActiveCfg = Debug|Any CPU
		{2D2C2BB0-72CB-4CE6-A7AB-AEF7FA7B0A2D}.Debug|Any CPU.Build.0 = Debug|Any CPU
		{2D2C2BB0-72CB-4CE6-A7AB-AEF7FA7B0A2D}.Release|Any CPU.ActiveCfg = Release|Any CPU
		{2D2C2BB0-72CB-4CE6-A7AB-AEF7FA7B0A2D}.Release|Any CPU.Build.0 = Release|Any CPU
		{F1467CAB-D237-4332-8ED6-AC21547E9CD2}.Debug|Any CPU.ActiveCfg = Debug|Any CPU
		{F1467CAB-D237-4332-8ED6-AC21547E9CD2}.Debug|Any CPU.Build.0 = Debug|Any CPU
		{F1467CAB-D237-4332-8ED6-AC21547E9CD2}.Release|Any CPU.ActiveCfg = Release|Any CPU
		{F1467CAB-D237-4332-8ED6-AC21547E9CD2}.Release|Any CPU.Build.0 = Release|Any CPU
		{8A8B5980-313D-4B0A-84E9-093EC8FA17A1}.Debug|Any CPU.ActiveCfg = Debug|Any CPU
		{8A8B5980-313D-4B0A-84E9-093EC8FA17A1}.Debug|Any CPU.Build.0 = Debug|Any CPU
		{8A8B5980-313D-4B0A-84E9-093EC8FA17A1}.Release|Any CPU.ActiveCfg = Release|Any CPU
		{8A8B5980-313D-4B0A-84E9-093EC8FA17A1}.Release|Any CPU.Build.0 = Release|Any CPU
		{31D9F0B0-8CD8-4A49-BAC0-4298C24AEE37}.Debug|Any CPU.ActiveCfg = Debug|Any CPU
		{31D9F0B0-8CD8-4A49-BAC0-4298C24AEE37}.Debug|Any CPU.Build.0 = Debug|Any CPU
		{31D9F0B0-8CD8-4A49-BAC0-4298C24AEE37}.Release|Any CPU.ActiveCfg = Release|Any CPU
		{31D9F0B0-8CD8-4A49-BAC0-4298C24AEE37}.Release|Any CPU.Build.0 = Release|Any CPU
		{CB4FF2F8-E270-43AD-B673-9A03BD3BD490}.Debug|Any CPU.ActiveCfg = Debug|Any CPU
		{CB4FF2F8-E270-43AD-B673-9A03BD3BD490}.Debug|Any CPU.Build.0 = Debug|Any CPU
		{CB4FF2F8-E270-43AD-B673-9A03BD3BD490}.Release|Any CPU.ActiveCfg = Release|Any CPU
		{CB4FF2F8-E270-43AD-B673-9A03BD3BD490}.Release|Any CPU.Build.0 = Release|Any CPU
		{90CA6D60-444D-49B6-B806-098D1E9404D5}.Debug|Any CPU.ActiveCfg = Debug|Any CPU
		{90CA6D60-444D-49B6-B806-098D1E9404D5}.Debug|Any CPU.Build.0 = Debug|Any CPU
		{90CA6D60-444D-49B6-B806-098D1E9404D5}.Release|Any CPU.ActiveCfg = Release|Any CPU
		{90CA6D60-444D-49B6-B806-098D1E9404D5}.Release|Any CPU.Build.0 = Release|Any CPU
		{A4349633-A0F9-45FC-8D2C-32235DB8815F}.Debug|Any CPU.ActiveCfg = Debug|Any CPU
		{A4349633-A0F9-45FC-8D2C-32235DB8815F}.Debug|Any CPU.Build.0 = Debug|Any CPU
		{A4349633-A0F9-45FC-8D2C-32235DB8815F}.Release|Any CPU.ActiveCfg = Release|Any CPU
		{A4349633-A0F9-45FC-8D2C-32235DB8815F}.Release|Any CPU.Build.0 = Release|Any CPU
		{1D907C76-0803-4055-9A19-2CF1CBBFBAAE}.Debug|Any CPU.ActiveCfg = Debug|Any CPU
		{1D907C76-0803-4055-9A19-2CF1CBBFBAAE}.Debug|Any CPU.Build.0 = Debug|Any CPU
		{1D907C76-0803-4055-9A19-2CF1CBBFBAAE}.Release|Any CPU.ActiveCfg = Release|Any CPU
		{1D907C76-0803-4055-9A19-2CF1CBBFBAAE}.Release|Any CPU.Build.0 = Release|Any CPU
		{97EDF649-C6FF-4616-8B6F-557F3D768F13}.Debug|Any CPU.ActiveCfg = Debug|Any CPU
		{97EDF649-C6FF-4616-8B6F-557F3D768F13}.Debug|Any CPU.Build.0 = Debug|Any CPU
		{97EDF649-C6FF-4616-8B6F-557F3D768F13}.Release|Any CPU.ActiveCfg = Release|Any CPU
		{97EDF649-C6FF-4616-8B6F-557F3D768F13}.Release|Any CPU.Build.0 = Release|Any CPU
		{813D1C2F-86E0-480B-8C05-F617FF74D0CE}.Debug|Any CPU.ActiveCfg = Debug|Any CPU
		{813D1C2F-86E0-480B-8C05-F617FF74D0CE}.Debug|Any CPU.Build.0 = Debug|Any CPU
		{813D1C2F-86E0-480B-8C05-F617FF74D0CE}.Release|Any CPU.ActiveCfg = Release|Any CPU
		{813D1C2F-86E0-480B-8C05-F617FF74D0CE}.Release|Any CPU.Build.0 = Release|Any CPU
		{BF1F0B68-93A1-4823-98C9-04583E660D48}.Debug|Any CPU.ActiveCfg = Debug|Any CPU
		{BF1F0B68-93A1-4823-98C9-04583E660D48}.Debug|Any CPU.Build.0 = Debug|Any CPU
		{BF1F0B68-93A1-4823-98C9-04583E660D48}.Release|Any CPU.ActiveCfg = Release|Any CPU
		{BF1F0B68-93A1-4823-98C9-04583E660D48}.Release|Any CPU.Build.0 = Release|Any CPU
		{306868F4-829E-4989-ADC3-8E16667769DA}.Debug|Any CPU.ActiveCfg = Debug|Any CPU
		{306868F4-829E-4989-ADC3-8E16667769DA}.Debug|Any CPU.Build.0 = Debug|Any CPU
		{306868F4-829E-4989-ADC3-8E16667769DA}.Release|Any CPU.ActiveCfg = Release|Any CPU
		{306868F4-829E-4989-ADC3-8E16667769DA}.Release|Any CPU.Build.0 = Release|Any CPU
		{C79EE5D8-3F1A-417F-9930-53C71F4939C4}.Debug|Any CPU.ActiveCfg = Debug|Any CPU
		{C79EE5D8-3F1A-417F-9930-53C71F4939C4}.Debug|Any CPU.Build.0 = Debug|Any CPU
		{C79EE5D8-3F1A-417F-9930-53C71F4939C4}.Release|Any CPU.ActiveCfg = Release|Any CPU
		{C79EE5D8-3F1A-417F-9930-53C71F4939C4}.Release|Any CPU.Build.0 = Release|Any CPU
		{FEC1D232-ABAC-4E41-A436-D3CEA7F7753D}.Debug|Any CPU.ActiveCfg = Debug|Any CPU
		{FEC1D232-ABAC-4E41-A436-D3CEA7F7753D}.Debug|Any CPU.Build.0 = Debug|Any CPU
		{FEC1D232-ABAC-4E41-A436-D3CEA7F7753D}.Release|Any CPU.ActiveCfg = Release|Any CPU
		{FEC1D232-ABAC-4E41-A436-D3CEA7F7753D}.Release|Any CPU.Build.0 = Release|Any CPU
		{0AE54588-952E-43B4-9828-D2564DB06274}.Debug|Any CPU.ActiveCfg = Debug|Any CPU
		{0AE54588-952E-43B4-9828-D2564DB06274}.Debug|Any CPU.Build.0 = Debug|Any CPU
		{0AE54588-952E-43B4-9828-D2564DB06274}.Release|Any CPU.ActiveCfg = Release|Any CPU
		{0AE54588-952E-43B4-9828-D2564DB06274}.Release|Any CPU.Build.0 = Release|Any CPU
		{95FF30A4-5F32-4891-8F86-EC2AB46F2803}.Debug|Any CPU.ActiveCfg = Debug|Any CPU
		{95FF30A4-5F32-4891-8F86-EC2AB46F2803}.Debug|Any CPU.Build.0 = Debug|Any CPU
		{95FF30A4-5F32-4891-8F86-EC2AB46F2803}.Release|Any CPU.ActiveCfg = Release|Any CPU
		{95FF30A4-5F32-4891-8F86-EC2AB46F2803}.Release|Any CPU.Build.0 = Release|Any CPU
		{198573C7-55B2-4949-8F64-28D4BEDEAF0E}.Debug|Any CPU.ActiveCfg = Debug|Any CPU
		{198573C7-55B2-4949-8F64-28D4BEDEAF0E}.Debug|Any CPU.Build.0 = Debug|Any CPU
		{198573C7-55B2-4949-8F64-28D4BEDEAF0E}.Release|Any CPU.ActiveCfg = Release|Any CPU
		{198573C7-55B2-4949-8F64-28D4BEDEAF0E}.Release|Any CPU.Build.0 = Release|Any CPU
		{C5176B84-D14A-4FB2-8187-8BAE05765728}.Debug|Any CPU.ActiveCfg = Debug|Any CPU
		{C5176B84-D14A-4FB2-8187-8BAE05765728}.Debug|Any CPU.Build.0 = Debug|Any CPU
		{C5176B84-D14A-4FB2-8187-8BAE05765728}.Release|Any CPU.ActiveCfg = Release|Any CPU
		{C5176B84-D14A-4FB2-8187-8BAE05765728}.Release|Any CPU.Build.0 = Release|Any CPU
		{37189DE4-734B-4CFE-823D-AE4FFE3EAA18}.Debug|Any CPU.ActiveCfg = Debug|Any CPU
		{37189DE4-734B-4CFE-823D-AE4FFE3EAA18}.Debug|Any CPU.Build.0 = Debug|Any CPU
		{37189DE4-734B-4CFE-823D-AE4FFE3EAA18}.Release|Any CPU.ActiveCfg = Release|Any CPU
		{37189DE4-734B-4CFE-823D-AE4FFE3EAA18}.Release|Any CPU.Build.0 = Release|Any CPU
		{74219350-52D9-4B83-8F66-7A1753856F71}.Debug|Any CPU.ActiveCfg = Debug|Any CPU
		{74219350-52D9-4B83-8F66-7A1753856F71}.Debug|Any CPU.Build.0 = Debug|Any CPU
		{74219350-52D9-4B83-8F66-7A1753856F71}.Release|Any CPU.ActiveCfg = Release|Any CPU
		{74219350-52D9-4B83-8F66-7A1753856F71}.Release|Any CPU.Build.0 = Release|Any CPU
		{82F25D76-4F35-4028-BFF0-0DAE4DE2BA0F}.Debug|Any CPU.ActiveCfg = Debug|Any CPU
		{82F25D76-4F35-4028-BFF0-0DAE4DE2BA0F}.Debug|Any CPU.Build.0 = Debug|Any CPU
		{82F25D76-4F35-4028-BFF0-0DAE4DE2BA0F}.Release|Any CPU.ActiveCfg = Release|Any CPU
		{82F25D76-4F35-4028-BFF0-0DAE4DE2BA0F}.Release|Any CPU.Build.0 = Release|Any CPU
		{A762E6A6-BA9D-4E33-85B3-E9E7C4D259E2}.Debug|Any CPU.ActiveCfg = Debug|Any CPU
		{A762E6A6-BA9D-4E33-85B3-E9E7C4D259E2}.Debug|Any CPU.Build.0 = Debug|Any CPU
		{A762E6A6-BA9D-4E33-85B3-E9E7C4D259E2}.Release|Any CPU.ActiveCfg = Release|Any CPU
		{A762E6A6-BA9D-4E33-85B3-E9E7C4D259E2}.Release|Any CPU.Build.0 = Release|Any CPU
		{6830AEC8-7AA4-4EF6-BAB3-DE2A4DA09C21}.Debug|Any CPU.ActiveCfg = Debug|Any CPU
		{6830AEC8-7AA4-4EF6-BAB3-DE2A4DA09C21}.Debug|Any CPU.Build.0 = Debug|Any CPU
		{6830AEC8-7AA4-4EF6-BAB3-DE2A4DA09C21}.Release|Any CPU.ActiveCfg = Release|Any CPU
		{6830AEC8-7AA4-4EF6-BAB3-DE2A4DA09C21}.Release|Any CPU.Build.0 = Release|Any CPU
		{1EF1D1DF-C64A-4DE0-B3D1-CCC034B87C33}.Debug|Any CPU.ActiveCfg = Debug|Any CPU
		{1EF1D1DF-C64A-4DE0-B3D1-CCC034B87C33}.Debug|Any CPU.Build.0 = Debug|Any CPU
		{1EF1D1DF-C64A-4DE0-B3D1-CCC034B87C33}.Release|Any CPU.ActiveCfg = Release|Any CPU
		{1EF1D1DF-C64A-4DE0-B3D1-CCC034B87C33}.Release|Any CPU.Build.0 = Release|Any CPU
		{8A6E0DFC-5BAC-4A34-B2DF-5A5057C43F39}.Debug|Any CPU.ActiveCfg = Debug|Any CPU
		{8A6E0DFC-5BAC-4A34-B2DF-5A5057C43F39}.Debug|Any CPU.Build.0 = Debug|Any CPU
		{8A6E0DFC-5BAC-4A34-B2DF-5A5057C43F39}.Release|Any CPU.ActiveCfg = Release|Any CPU
		{8A6E0DFC-5BAC-4A34-B2DF-5A5057C43F39}.Release|Any CPU.Build.0 = Release|Any CPU
		{E537BB31-3B0D-45A2-B018-97460057C571}.Debug|Any CPU.ActiveCfg = Debug|Any CPU
		{E537BB31-3B0D-45A2-B018-97460057C571}.Debug|Any CPU.Build.0 = Debug|Any CPU
		{E537BB31-3B0D-45A2-B018-97460057C571}.Release|Any CPU.ActiveCfg = Release|Any CPU
		{E537BB31-3B0D-45A2-B018-97460057C571}.Release|Any CPU.Build.0 = Release|Any CPU
		{97DDCBD5-1396-4181-ACFC-DCA71E728AA3}.Debug|Any CPU.ActiveCfg = Debug|Any CPU
		{97DDCBD5-1396-4181-ACFC-DCA71E728AA3}.Debug|Any CPU.Build.0 = Debug|Any CPU
		{97DDCBD5-1396-4181-ACFC-DCA71E728AA3}.Release|Any CPU.ActiveCfg = Release|Any CPU
		{97DDCBD5-1396-4181-ACFC-DCA71E728AA3}.Release|Any CPU.Build.0 = Release|Any CPU
		{08B45EF4-F8F2-4C7B-8B13-961AE82F8220}.Debug|Any CPU.ActiveCfg = Debug|Any CPU
		{08B45EF4-F8F2-4C7B-8B13-961AE82F8220}.Debug|Any CPU.Build.0 = Debug|Any CPU
		{08B45EF4-F8F2-4C7B-8B13-961AE82F8220}.Release|Any CPU.ActiveCfg = Release|Any CPU
		{08B45EF4-F8F2-4C7B-8B13-961AE82F8220}.Release|Any CPU.Build.0 = Release|Any CPU
		{A8EC913D-3F7C-4BE9-A500-9DF0F8BB4CE3}.Debug|Any CPU.ActiveCfg = Debug|Any CPU
		{A8EC913D-3F7C-4BE9-A500-9DF0F8BB4CE3}.Debug|Any CPU.Build.0 = Debug|Any CPU
		{A8EC913D-3F7C-4BE9-A500-9DF0F8BB4CE3}.Release|Any CPU.ActiveCfg = Release|Any CPU
		{A8EC913D-3F7C-4BE9-A500-9DF0F8BB4CE3}.Release|Any CPU.Build.0 = Release|Any CPU
		{A7059E44-3790-4A83-A4AD-D34C4007BFEC}.Debug|Any CPU.ActiveCfg = Debug|Any CPU
		{A7059E44-3790-4A83-A4AD-D34C4007BFEC}.Debug|Any CPU.Build.0 = Debug|Any CPU
		{A7059E44-3790-4A83-A4AD-D34C4007BFEC}.Release|Any CPU.ActiveCfg = Release|Any CPU
		{A7059E44-3790-4A83-A4AD-D34C4007BFEC}.Release|Any CPU.Build.0 = Release|Any CPU
		{F9D70405-2FDE-4356-96E8-61D25587C1C8}.Debug|Any CPU.ActiveCfg = Debug|Any CPU
		{F9D70405-2FDE-4356-96E8-61D25587C1C8}.Debug|Any CPU.Build.0 = Debug|Any CPU
		{F9D70405-2FDE-4356-96E8-61D25587C1C8}.Release|Any CPU.ActiveCfg = Release|Any CPU
		{F9D70405-2FDE-4356-96E8-61D25587C1C8}.Release|Any CPU.Build.0 = Release|Any CPU
		{C1718355-44DE-44B9-BCC8-98765BA430BC}.Debug|Any CPU.ActiveCfg = Debug|Any CPU
		{C1718355-44DE-44B9-BCC8-98765BA430BC}.Debug|Any CPU.Build.0 = Debug|Any CPU
		{C1718355-44DE-44B9-BCC8-98765BA430BC}.Release|Any CPU.ActiveCfg = Release|Any CPU
		{C1718355-44DE-44B9-BCC8-98765BA430BC}.Release|Any CPU.Build.0 = Release|Any CPU
		{53FCB179-E6D3-4A7B-BB6B-4D99BF7D753C}.Debug|Any CPU.ActiveCfg = Debug|Any CPU
		{53FCB179-E6D3-4A7B-BB6B-4D99BF7D753C}.Debug|Any CPU.Build.0 = Debug|Any CPU
		{53FCB179-E6D3-4A7B-BB6B-4D99BF7D753C}.Release|Any CPU.ActiveCfg = Release|Any CPU
		{53FCB179-E6D3-4A7B-BB6B-4D99BF7D753C}.Release|Any CPU.Build.0 = Release|Any CPU
		{0B1ED14B-1EC1-4DF5-B8D3-BDC7DBDD988D}.Debug|Any CPU.ActiveCfg = Debug|Any CPU
		{0B1ED14B-1EC1-4DF5-B8D3-BDC7DBDD988D}.Debug|Any CPU.Build.0 = Debug|Any CPU
		{0B1ED14B-1EC1-4DF5-B8D3-BDC7DBDD988D}.Release|Any CPU.ActiveCfg = Release|Any CPU
		{0B1ED14B-1EC1-4DF5-B8D3-BDC7DBDD988D}.Release|Any CPU.Build.0 = Release|Any CPU
		{EDBCA4C9-B841-4E1C-92E9-4671E1AB0B9F}.Debug|Any CPU.ActiveCfg = Debug|Any CPU
		{EDBCA4C9-B841-4E1C-92E9-4671E1AB0B9F}.Debug|Any CPU.Build.0 = Debug|Any CPU
		{EDBCA4C9-B841-4E1C-92E9-4671E1AB0B9F}.Release|Any CPU.ActiveCfg = Release|Any CPU
		{EDBCA4C9-B841-4E1C-92E9-4671E1AB0B9F}.Release|Any CPU.Build.0 = Release|Any CPU
		{03AD9C1C-6246-4512-9188-C895C5A409C2}.Debug|Any CPU.ActiveCfg = Debug|Any CPU
		{03AD9C1C-6246-4512-9188-C895C5A409C2}.Debug|Any CPU.Build.0 = Debug|Any CPU
		{03AD9C1C-6246-4512-9188-C895C5A409C2}.Release|Any CPU.ActiveCfg = Release|Any CPU
		{03AD9C1C-6246-4512-9188-C895C5A409C2}.Release|Any CPU.Build.0 = Release|Any CPU
		{80293012-5B6F-4C7D-8881-4A1DD9AB7DA6}.Debug|Any CPU.ActiveCfg = Debug|Any CPU
		{80293012-5B6F-4C7D-8881-4A1DD9AB7DA6}.Debug|Any CPU.Build.0 = Debug|Any CPU
		{80293012-5B6F-4C7D-8881-4A1DD9AB7DA6}.Release|Any CPU.ActiveCfg = Release|Any CPU
		{80293012-5B6F-4C7D-8881-4A1DD9AB7DA6}.Release|Any CPU.Build.0 = Release|Any CPU
		{EC819974-3662-4B4B-A8F2-DCE01FE8E1C3}.Debug|Any CPU.ActiveCfg = Debug|Any CPU
		{EC819974-3662-4B4B-A8F2-DCE01FE8E1C3}.Debug|Any CPU.Build.0 = Debug|Any CPU
		{EC819974-3662-4B4B-A8F2-DCE01FE8E1C3}.Release|Any CPU.ActiveCfg = Release|Any CPU
		{EC819974-3662-4B4B-A8F2-DCE01FE8E1C3}.Release|Any CPU.Build.0 = Release|Any CPU
		{B4EAA9BA-344F-45B7-A137-0A07BF8F4E03}.Debug|Any CPU.ActiveCfg = Debug|Any CPU
		{B4EAA9BA-344F-45B7-A137-0A07BF8F4E03}.Debug|Any CPU.Build.0 = Debug|Any CPU
		{B4EAA9BA-344F-45B7-A137-0A07BF8F4E03}.Release|Any CPU.ActiveCfg = Release|Any CPU
		{B4EAA9BA-344F-45B7-A137-0A07BF8F4E03}.Release|Any CPU.Build.0 = Release|Any CPU
		{2007FF0C-6104-494B-A4F1-9104003D7083}.Debug|Any CPU.ActiveCfg = Debug|Any CPU
		{2007FF0C-6104-494B-A4F1-9104003D7083}.Debug|Any CPU.Build.0 = Debug|Any CPU
		{2007FF0C-6104-494B-A4F1-9104003D7083}.Release|Any CPU.ActiveCfg = Release|Any CPU
		{2007FF0C-6104-494B-A4F1-9104003D7083}.Release|Any CPU.Build.0 = Release|Any CPU
		{5AA26E12-4C22-4F5F-9A7B-8262DF814A6C}.Debug|Any CPU.ActiveCfg = Debug|Any CPU
		{5AA26E12-4C22-4F5F-9A7B-8262DF814A6C}.Debug|Any CPU.Build.0 = Debug|Any CPU
		{5AA26E12-4C22-4F5F-9A7B-8262DF814A6C}.Release|Any CPU.ActiveCfg = Release|Any CPU
		{5AA26E12-4C22-4F5F-9A7B-8262DF814A6C}.Release|Any CPU.Build.0 = Release|Any CPU
		{562C0D60-F8DD-43A6-9A7B-B63E447D90BD}.Debug|Any CPU.ActiveCfg = Debug|Any CPU
		{562C0D60-F8DD-43A6-9A7B-B63E447D90BD}.Debug|Any CPU.Build.0 = Debug|Any CPU
		{562C0D60-F8DD-43A6-9A7B-B63E447D90BD}.Release|Any CPU.ActiveCfg = Release|Any CPU
		{562C0D60-F8DD-43A6-9A7B-B63E447D90BD}.Release|Any CPU.Build.0 = Release|Any CPU
		{5EA0DA70-500C-475E-B526-91142CC94488}.Debug|Any CPU.ActiveCfg = Debug|Any CPU
		{5EA0DA70-500C-475E-B526-91142CC94488}.Debug|Any CPU.Build.0 = Debug|Any CPU
		{5EA0DA70-500C-475E-B526-91142CC94488}.Release|Any CPU.ActiveCfg = Release|Any CPU
		{5EA0DA70-500C-475E-B526-91142CC94488}.Release|Any CPU.Build.0 = Release|Any CPU
		{7CAB99AF-3FAE-46DF-AAB5-80CAD51E758D}.Debug|Any CPU.ActiveCfg = Debug|Any CPU
		{7CAB99AF-3FAE-46DF-AAB5-80CAD51E758D}.Debug|Any CPU.Build.0 = Debug|Any CPU
		{7CAB99AF-3FAE-46DF-AAB5-80CAD51E758D}.Release|Any CPU.ActiveCfg = Release|Any CPU
		{7CAB99AF-3FAE-46DF-AAB5-80CAD51E758D}.Release|Any CPU.Build.0 = Release|Any CPU
		{11712B70-4E94-4C17-8477-C5B5C551F636}.Debug|Any CPU.ActiveCfg = Debug|Any CPU
		{11712B70-4E94-4C17-8477-C5B5C551F636}.Debug|Any CPU.Build.0 = Debug|Any CPU
		{11712B70-4E94-4C17-8477-C5B5C551F636}.Release|Any CPU.ActiveCfg = Release|Any CPU
		{11712B70-4E94-4C17-8477-C5B5C551F636}.Release|Any CPU.Build.0 = Release|Any CPU
		{F916B953-01E3-476F-A478-71AB40DD59B2}.Debug|Any CPU.ActiveCfg = Debug|Any CPU
		{F916B953-01E3-476F-A478-71AB40DD59B2}.Debug|Any CPU.Build.0 = Debug|Any CPU
		{F916B953-01E3-476F-A478-71AB40DD59B2}.Release|Any CPU.ActiveCfg = Release|Any CPU
		{F916B953-01E3-476F-A478-71AB40DD59B2}.Release|Any CPU.Build.0 = Release|Any CPU
		{ABBEE375-4AA5-46A8-B676-215520DDD3B4}.Debug|Any CPU.ActiveCfg = Debug|Any CPU
		{ABBEE375-4AA5-46A8-B676-215520DDD3B4}.Debug|Any CPU.Build.0 = Debug|Any CPU
		{ABBEE375-4AA5-46A8-B676-215520DDD3B4}.Release|Any CPU.ActiveCfg = Release|Any CPU
		{ABBEE375-4AA5-46A8-B676-215520DDD3B4}.Release|Any CPU.Build.0 = Release|Any CPU
		{7AAAACD2-1B49-4248-972E-74D7AD161B99}.Debug|Any CPU.ActiveCfg = Debug|Any CPU
		{7AAAACD2-1B49-4248-972E-74D7AD161B99}.Debug|Any CPU.Build.0 = Debug|Any CPU
		{7AAAACD2-1B49-4248-972E-74D7AD161B99}.Release|Any CPU.ActiveCfg = Release|Any CPU
		{7AAAACD2-1B49-4248-972E-74D7AD161B99}.Release|Any CPU.Build.0 = Release|Any CPU
		{E8AEB079-EBEA-4DC9-A613-E2B0C9112898}.Debug|Any CPU.ActiveCfg = Debug|Any CPU
		{E8AEB079-EBEA-4DC9-A613-E2B0C9112898}.Debug|Any CPU.Build.0 = Debug|Any CPU
		{E8AEB079-EBEA-4DC9-A613-E2B0C9112898}.Release|Any CPU.ActiveCfg = Release|Any CPU
		{E8AEB079-EBEA-4DC9-A613-E2B0C9112898}.Release|Any CPU.Build.0 = Release|Any CPU
		{C7F1E5D8-3C4A-4CA5-8AD3-6D7D5FA2C2CB}.Debug|Any CPU.ActiveCfg = Debug|Any CPU
		{C7F1E5D8-3C4A-4CA5-8AD3-6D7D5FA2C2CB}.Debug|Any CPU.Build.0 = Debug|Any CPU
		{C7F1E5D8-3C4A-4CA5-8AD3-6D7D5FA2C2CB}.Release|Any CPU.ActiveCfg = Release|Any CPU
		{C7F1E5D8-3C4A-4CA5-8AD3-6D7D5FA2C2CB}.Release|Any CPU.Build.0 = Release|Any CPU
		{1FA84947-6956-4FD3-8D2D-DA4855910CE0}.Debug|Any CPU.ActiveCfg = Debug|Any CPU
		{1FA84947-6956-4FD3-8D2D-DA4855910CE0}.Debug|Any CPU.Build.0 = Debug|Any CPU
		{1FA84947-6956-4FD3-8D2D-DA4855910CE0}.Release|Any CPU.ActiveCfg = Release|Any CPU
		{1FA84947-6956-4FD3-8D2D-DA4855910CE0}.Release|Any CPU.Build.0 = Release|Any CPU
		{BB5DFEBC-4015-418D-A6C7-9848539CB4CF}.Debug|Any CPU.ActiveCfg = Debug|Any CPU
		{BB5DFEBC-4015-418D-A6C7-9848539CB4CF}.Debug|Any CPU.Build.0 = Debug|Any CPU
		{BB5DFEBC-4015-418D-A6C7-9848539CB4CF}.Release|Any CPU.ActiveCfg = Release|Any CPU
		{BB5DFEBC-4015-418D-A6C7-9848539CB4CF}.Release|Any CPU.Build.0 = Release|Any CPU
		{3D6653E3-2C4C-4411-A99D-2B8769FCB116}.Debug|Any CPU.ActiveCfg = Debug|Any CPU
		{3D6653E3-2C4C-4411-A99D-2B8769FCB116}.Debug|Any CPU.Build.0 = Debug|Any CPU
		{3D6653E3-2C4C-4411-A99D-2B8769FCB116}.Release|Any CPU.ActiveCfg = Release|Any CPU
		{3D6653E3-2C4C-4411-A99D-2B8769FCB116}.Release|Any CPU.Build.0 = Release|Any CPU
		{6888E3A6-0D01-4456-AC38-3A99DF44079E}.Debug|Any CPU.ActiveCfg = Debug|Any CPU
		{6888E3A6-0D01-4456-AC38-3A99DF44079E}.Debug|Any CPU.Build.0 = Debug|Any CPU
		{6888E3A6-0D01-4456-AC38-3A99DF44079E}.Release|Any CPU.ActiveCfg = Release|Any CPU
		{6888E3A6-0D01-4456-AC38-3A99DF44079E}.Release|Any CPU.Build.0 = Release|Any CPU
		{530ED532-E7CF-4536-885D-95D07DC6B5EF}.Debug|Any CPU.ActiveCfg = Debug|Any CPU
		{530ED532-E7CF-4536-885D-95D07DC6B5EF}.Debug|Any CPU.Build.0 = Debug|Any CPU
		{530ED532-E7CF-4536-885D-95D07DC6B5EF}.Release|Any CPU.ActiveCfg = Release|Any CPU
		{530ED532-E7CF-4536-885D-95D07DC6B5EF}.Release|Any CPU.Build.0 = Release|Any CPU
		{2B049770-94A5-4444-9C6A-868CA0346E2A}.Debug|Any CPU.ActiveCfg = Debug|Any CPU
		{2B049770-94A5-4444-9C6A-868CA0346E2A}.Debug|Any CPU.Build.0 = Debug|Any CPU
		{2B049770-94A5-4444-9C6A-868CA0346E2A}.Release|Any CPU.ActiveCfg = Release|Any CPU
		{2B049770-94A5-4444-9C6A-868CA0346E2A}.Release|Any CPU.Build.0 = Release|Any CPU
		{5D250405-DBBD-4694-BE71-78F2A989CE03}.Debug|Any CPU.ActiveCfg = Debug|Any CPU
		{5D250405-DBBD-4694-BE71-78F2A989CE03}.Debug|Any CPU.Build.0 = Debug|Any CPU
		{5D250405-DBBD-4694-BE71-78F2A989CE03}.Release|Any CPU.ActiveCfg = Release|Any CPU
		{5D250405-DBBD-4694-BE71-78F2A989CE03}.Release|Any CPU.Build.0 = Release|Any CPU
		{CCB25944-06C7-465C-B516-D3240FB633C5}.Debug|Any CPU.ActiveCfg = Debug|Any CPU
		{CCB25944-06C7-465C-B516-D3240FB633C5}.Debug|Any CPU.Build.0 = Debug|Any CPU
		{CCB25944-06C7-465C-B516-D3240FB633C5}.Release|Any CPU.ActiveCfg = Release|Any CPU
		{CCB25944-06C7-465C-B516-D3240FB633C5}.Release|Any CPU.Build.0 = Release|Any CPU
		{B136D1DA-8FA5-4108-B818-8FE4B66E69D1}.Debug|Any CPU.ActiveCfg = Debug|Any CPU
		{B136D1DA-8FA5-4108-B818-8FE4B66E69D1}.Debug|Any CPU.Build.0 = Debug|Any CPU
		{B136D1DA-8FA5-4108-B818-8FE4B66E69D1}.Release|Any CPU.ActiveCfg = Release|Any CPU
		{B136D1DA-8FA5-4108-B818-8FE4B66E69D1}.Release|Any CPU.Build.0 = Release|Any CPU
		{9560BB21-616C-4A59-89BB-45C8C70D508D}.Debug|Any CPU.ActiveCfg = Debug|Any CPU
		{9560BB21-616C-4A59-89BB-45C8C70D508D}.Debug|Any CPU.Build.0 = Debug|Any CPU
		{9560BB21-616C-4A59-89BB-45C8C70D508D}.Release|Any CPU.ActiveCfg = Release|Any CPU
		{9560BB21-616C-4A59-89BB-45C8C70D508D}.Release|Any CPU.Build.0 = Release|Any CPU
		{C8213A11-72A8-41C5-A561-6640846B81A8}.Debug|Any CPU.ActiveCfg = Debug|Any CPU
		{C8213A11-72A8-41C5-A561-6640846B81A8}.Debug|Any CPU.Build.0 = Debug|Any CPU
		{C8213A11-72A8-41C5-A561-6640846B81A8}.Release|Any CPU.ActiveCfg = Release|Any CPU
		{C8213A11-72A8-41C5-A561-6640846B81A8}.Release|Any CPU.Build.0 = Release|Any CPU
		{E4AB6AD7-DDB6-423B-9200-8E797F9E5025}.Debug|Any CPU.ActiveCfg = Debug|Any CPU
		{E4AB6AD7-DDB6-423B-9200-8E797F9E5025}.Debug|Any CPU.Build.0 = Debug|Any CPU
		{E4AB6AD7-DDB6-423B-9200-8E797F9E5025}.Release|Any CPU.ActiveCfg = Release|Any CPU
		{E4AB6AD7-DDB6-423B-9200-8E797F9E5025}.Release|Any CPU.Build.0 = Release|Any CPU
		{6B8E545D-BD75-4CF8-8617-B2DD381116D0}.Debug|Any CPU.ActiveCfg = Debug|Any CPU
		{6B8E545D-BD75-4CF8-8617-B2DD381116D0}.Debug|Any CPU.Build.0 = Debug|Any CPU
		{6B8E545D-BD75-4CF8-8617-B2DD381116D0}.Release|Any CPU.ActiveCfg = Release|Any CPU
		{6B8E545D-BD75-4CF8-8617-B2DD381116D0}.Release|Any CPU.Build.0 = Release|Any CPU
		{09D4C7BA-9062-4923-9DE6-04BB96598AFC}.Debug|Any CPU.ActiveCfg = Debug|Any CPU
		{09D4C7BA-9062-4923-9DE6-04BB96598AFC}.Debug|Any CPU.Build.0 = Debug|Any CPU
		{09D4C7BA-9062-4923-9DE6-04BB96598AFC}.Release|Any CPU.ActiveCfg = Release|Any CPU
		{09D4C7BA-9062-4923-9DE6-04BB96598AFC}.Release|Any CPU.Build.0 = Release|Any CPU
		{57DAD2F4-596B-4F90-BE5B-D52303D0ECBC}.Debug|Any CPU.ActiveCfg = Debug|Any CPU
		{57DAD2F4-596B-4F90-BE5B-D52303D0ECBC}.Debug|Any CPU.Build.0 = Debug|Any CPU
		{57DAD2F4-596B-4F90-BE5B-D52303D0ECBC}.Release|Any CPU.ActiveCfg = Release|Any CPU
		{57DAD2F4-596B-4F90-BE5B-D52303D0ECBC}.Release|Any CPU.Build.0 = Release|Any CPU
		{B5B5A780-C79B-4F98-A3F4-BAA20C59F07E}.Debug|Any CPU.ActiveCfg = Debug|Any CPU
		{B5B5A780-C79B-4F98-A3F4-BAA20C59F07E}.Debug|Any CPU.Build.0 = Debug|Any CPU
		{B5B5A780-C79B-4F98-A3F4-BAA20C59F07E}.Release|Any CPU.ActiveCfg = Release|Any CPU
		{B5B5A780-C79B-4F98-A3F4-BAA20C59F07E}.Release|Any CPU.Build.0 = Release|Any CPU
		{B2F4E5F0-4FEC-4079-9908-5819D929EC19}.Debug|Any CPU.ActiveCfg = Debug|Any CPU
		{B2F4E5F0-4FEC-4079-9908-5819D929EC19}.Debug|Any CPU.Build.0 = Debug|Any CPU
		{B2F4E5F0-4FEC-4079-9908-5819D929EC19}.Release|Any CPU.ActiveCfg = Release|Any CPU
		{B2F4E5F0-4FEC-4079-9908-5819D929EC19}.Release|Any CPU.Build.0 = Release|Any CPU
		{8124FCF6-7C3E-4616-BAD3-C4245F7CEE7B}.Debug|Any CPU.ActiveCfg = Debug|Any CPU
		{8124FCF6-7C3E-4616-BAD3-C4245F7CEE7B}.Debug|Any CPU.Build.0 = Debug|Any CPU
		{8124FCF6-7C3E-4616-BAD3-C4245F7CEE7B}.Release|Any CPU.ActiveCfg = Release|Any CPU
		{8124FCF6-7C3E-4616-BAD3-C4245F7CEE7B}.Release|Any CPU.Build.0 = Release|Any CPU
		{5D81AB8D-38BA-4B01-9476-C36B5438FECB}.Debug|Any CPU.ActiveCfg = Debug|Any CPU
		{5D81AB8D-38BA-4B01-9476-C36B5438FECB}.Debug|Any CPU.Build.0 = Debug|Any CPU
		{5D81AB8D-38BA-4B01-9476-C36B5438FECB}.Release|Any CPU.ActiveCfg = Release|Any CPU
		{5D81AB8D-38BA-4B01-9476-C36B5438FECB}.Release|Any CPU.Build.0 = Release|Any CPU
		{3EBBF4F6-344C-4408-8F42-53E522616881}.Debug|Any CPU.ActiveCfg = Debug|Any CPU
		{3EBBF4F6-344C-4408-8F42-53E522616881}.Debug|Any CPU.Build.0 = Debug|Any CPU
		{3EBBF4F6-344C-4408-8F42-53E522616881}.Release|Any CPU.ActiveCfg = Release|Any CPU
		{3EBBF4F6-344C-4408-8F42-53E522616881}.Release|Any CPU.Build.0 = Release|Any CPU
		{8AD47DB2-82D6-4F5F-8014-0C6762DE18E5}.Debug|Any CPU.ActiveCfg = Debug|Any CPU
		{8AD47DB2-82D6-4F5F-8014-0C6762DE18E5}.Debug|Any CPU.Build.0 = Debug|Any CPU
		{8AD47DB2-82D6-4F5F-8014-0C6762DE18E5}.Release|Any CPU.ActiveCfg = Release|Any CPU
		{8AD47DB2-82D6-4F5F-8014-0C6762DE18E5}.Release|Any CPU.Build.0 = Release|Any CPU
		{C8ABCEBA-2CC0-470A-8D82-DC337FDAC0B8}.Debug|Any CPU.ActiveCfg = Debug|Any CPU
		{C8ABCEBA-2CC0-470A-8D82-DC337FDAC0B8}.Debug|Any CPU.Build.0 = Debug|Any CPU
		{C8ABCEBA-2CC0-470A-8D82-DC337FDAC0B8}.Release|Any CPU.ActiveCfg = Release|Any CPU
		{C8ABCEBA-2CC0-470A-8D82-DC337FDAC0B8}.Release|Any CPU.Build.0 = Release|Any CPU
		{7C49158F-3E08-4AEB-8B1E-7258465B73DB}.Debug|Any CPU.ActiveCfg = Debug|Any CPU
		{7C49158F-3E08-4AEB-8B1E-7258465B73DB}.Debug|Any CPU.Build.0 = Debug|Any CPU
		{7C49158F-3E08-4AEB-8B1E-7258465B73DB}.Release|Any CPU.ActiveCfg = Release|Any CPU
		{7C49158F-3E08-4AEB-8B1E-7258465B73DB}.Release|Any CPU.Build.0 = Release|Any CPU
		{25FBAC13-09DC-40DE-B289-95D31C5EB369}.Debug|Any CPU.ActiveCfg = Debug|Any CPU
		{25FBAC13-09DC-40DE-B289-95D31C5EB369}.Debug|Any CPU.Build.0 = Debug|Any CPU
		{25FBAC13-09DC-40DE-B289-95D31C5EB369}.Release|Any CPU.ActiveCfg = Release|Any CPU
		{25FBAC13-09DC-40DE-B289-95D31C5EB369}.Release|Any CPU.Build.0 = Release|Any CPU
		{DC5D03FC-77BA-498E-B7A5-8C16BCDABA09}.Debug|Any CPU.ActiveCfg = Debug|Any CPU
		{DC5D03FC-77BA-498E-B7A5-8C16BCDABA09}.Debug|Any CPU.Build.0 = Debug|Any CPU
		{DC5D03FC-77BA-498E-B7A5-8C16BCDABA09}.Release|Any CPU.ActiveCfg = Release|Any CPU
		{DC5D03FC-77BA-498E-B7A5-8C16BCDABA09}.Release|Any CPU.Build.0 = Release|Any CPU
		{A691DB0C-C5D1-4E9E-8236-0CB17DBEBF94}.Debug|Any CPU.ActiveCfg = Debug|Any CPU
		{A691DB0C-C5D1-4E9E-8236-0CB17DBEBF94}.Debug|Any CPU.Build.0 = Debug|Any CPU
		{A691DB0C-C5D1-4E9E-8236-0CB17DBEBF94}.Release|Any CPU.ActiveCfg = Release|Any CPU
		{A691DB0C-C5D1-4E9E-8236-0CB17DBEBF94}.Release|Any CPU.Build.0 = Release|Any CPU
		{2C21B5B2-6C40-42DB-A915-88C77B03D269}.Debug|Any CPU.ActiveCfg = Debug|Any CPU
		{2C21B5B2-6C40-42DB-A915-88C77B03D269}.Debug|Any CPU.Build.0 = Debug|Any CPU
		{2C21B5B2-6C40-42DB-A915-88C77B03D269}.Release|Any CPU.ActiveCfg = Release|Any CPU
		{2C21B5B2-6C40-42DB-A915-88C77B03D269}.Release|Any CPU.Build.0 = Release|Any CPU
		{CDC53ADF-9EF2-4BA9-B4EC-CFB5E54555D2}.Debug|Any CPU.ActiveCfg = Debug|Any CPU
		{CDC53ADF-9EF2-4BA9-B4EC-CFB5E54555D2}.Debug|Any CPU.Build.0 = Debug|Any CPU
		{CDC53ADF-9EF2-4BA9-B4EC-CFB5E54555D2}.Release|Any CPU.ActiveCfg = Release|Any CPU
		{CDC53ADF-9EF2-4BA9-B4EC-CFB5E54555D2}.Release|Any CPU.Build.0 = Release|Any CPU
		{C77A713C-FF06-417B-B8C1-FC28C93545FD}.Debug|Any CPU.ActiveCfg = Debug|Any CPU
		{C77A713C-FF06-417B-B8C1-FC28C93545FD}.Debug|Any CPU.Build.0 = Debug|Any CPU
		{C77A713C-FF06-417B-B8C1-FC28C93545FD}.Release|Any CPU.ActiveCfg = Release|Any CPU
		{C77A713C-FF06-417B-B8C1-FC28C93545FD}.Release|Any CPU.Build.0 = Release|Any CPU
		{777A54F1-7EAD-4241-AD71-422845C44EF4}.Debug|Any CPU.ActiveCfg = Debug|Any CPU
		{777A54F1-7EAD-4241-AD71-422845C44EF4}.Debug|Any CPU.Build.0 = Debug|Any CPU
		{777A54F1-7EAD-4241-AD71-422845C44EF4}.Release|Any CPU.ActiveCfg = Release|Any CPU
		{777A54F1-7EAD-4241-AD71-422845C44EF4}.Release|Any CPU.Build.0 = Release|Any CPU
		{E0A1F3F4-A9C0-400C-A221-822072301562}.Debug|Any CPU.ActiveCfg = Debug|Any CPU
		{E0A1F3F4-A9C0-400C-A221-822072301562}.Debug|Any CPU.Build.0 = Debug|Any CPU
		{E0A1F3F4-A9C0-400C-A221-822072301562}.Release|Any CPU.ActiveCfg = Release|Any CPU
		{E0A1F3F4-A9C0-400C-A221-822072301562}.Release|Any CPU.Build.0 = Release|Any CPU
		{204EC53C-BCEF-4B33-91ED-45DFA6EC2359}.Debug|Any CPU.ActiveCfg = Debug|Any CPU
		{204EC53C-BCEF-4B33-91ED-45DFA6EC2359}.Debug|Any CPU.Build.0 = Debug|Any CPU
		{204EC53C-BCEF-4B33-91ED-45DFA6EC2359}.Release|Any CPU.ActiveCfg = Release|Any CPU
		{204EC53C-BCEF-4B33-91ED-45DFA6EC2359}.Release|Any CPU.Build.0 = Release|Any CPU
		{E51514E5-6118-4477-917F-EA06FFD17720}.Debug|Any CPU.ActiveCfg = Debug|Any CPU
		{E51514E5-6118-4477-917F-EA06FFD17720}.Debug|Any CPU.Build.0 = Debug|Any CPU
		{E51514E5-6118-4477-917F-EA06FFD17720}.Release|Any CPU.ActiveCfg = Release|Any CPU
		{E51514E5-6118-4477-917F-EA06FFD17720}.Release|Any CPU.Build.0 = Release|Any CPU
		{44AD0EF8-790C-45C9-9059-16FE92A2FB84}.Debug|Any CPU.ActiveCfg = Debug|Any CPU
		{44AD0EF8-790C-45C9-9059-16FE92A2FB84}.Debug|Any CPU.Build.0 = Debug|Any CPU
		{44AD0EF8-790C-45C9-9059-16FE92A2FB84}.Release|Any CPU.ActiveCfg = Release|Any CPU
		{44AD0EF8-790C-45C9-9059-16FE92A2FB84}.Release|Any CPU.Build.0 = Release|Any CPU
		{A60D78A3-0381-484A-9D38-88DBF2325CB4}.Debug|Any CPU.ActiveCfg = Debug|Any CPU
		{A60D78A3-0381-484A-9D38-88DBF2325CB4}.Debug|Any CPU.Build.0 = Debug|Any CPU
		{A60D78A3-0381-484A-9D38-88DBF2325CB4}.Release|Any CPU.ActiveCfg = Release|Any CPU
		{A60D78A3-0381-484A-9D38-88DBF2325CB4}.Release|Any CPU.Build.0 = Release|Any CPU
		{1DAAC46F-2E5C-449F-8456-F6787BC8D827}.Debug|Any CPU.ActiveCfg = Debug|Any CPU
		{1DAAC46F-2E5C-449F-8456-F6787BC8D827}.Debug|Any CPU.Build.0 = Debug|Any CPU
		{1DAAC46F-2E5C-449F-8456-F6787BC8D827}.Release|Any CPU.ActiveCfg = Release|Any CPU
		{1DAAC46F-2E5C-449F-8456-F6787BC8D827}.Release|Any CPU.Build.0 = Release|Any CPU
		{830221BD-6607-4E69-9644-4DE848811EA4}.Debug|Any CPU.ActiveCfg = Debug|Any CPU
		{830221BD-6607-4E69-9644-4DE848811EA4}.Debug|Any CPU.Build.0 = Debug|Any CPU
		{830221BD-6607-4E69-9644-4DE848811EA4}.Release|Any CPU.ActiveCfg = Release|Any CPU
		{830221BD-6607-4E69-9644-4DE848811EA4}.Release|Any CPU.Build.0 = Release|Any CPU
		{B207CA85-410C-4AE4-82DC-0086663DDB02}.Debug|Any CPU.ActiveCfg = Debug|Any CPU
		{B207CA85-410C-4AE4-82DC-0086663DDB02}.Debug|Any CPU.Build.0 = Debug|Any CPU
		{B207CA85-410C-4AE4-82DC-0086663DDB02}.Release|Any CPU.ActiveCfg = Release|Any CPU
		{B207CA85-410C-4AE4-82DC-0086663DDB02}.Release|Any CPU.Build.0 = Release|Any CPU
		{0CAF6002-4AF3-4BFA-BCB8-967445865E24}.Debug|Any CPU.ActiveCfg = Debug|Any CPU
		{0CAF6002-4AF3-4BFA-BCB8-967445865E24}.Debug|Any CPU.Build.0 = Debug|Any CPU
		{0CAF6002-4AF3-4BFA-BCB8-967445865E24}.Release|Any CPU.ActiveCfg = Release|Any CPU
		{0CAF6002-4AF3-4BFA-BCB8-967445865E24}.Release|Any CPU.Build.0 = Release|Any CPU
		{7103A17B-A80A-45C3-9C7C-9D81AC5C6CBC}.Debug|Any CPU.ActiveCfg = Debug|Any CPU
		{7103A17B-A80A-45C3-9C7C-9D81AC5C6CBC}.Debug|Any CPU.Build.0 = Debug|Any CPU
		{7103A17B-A80A-45C3-9C7C-9D81AC5C6CBC}.Release|Any CPU.ActiveCfg = Release|Any CPU
		{7103A17B-A80A-45C3-9C7C-9D81AC5C6CBC}.Release|Any CPU.Build.0 = Release|Any CPU
		{D4AA1E15-4C5F-4B8E-B72A-5787439FD1F0}.Debug|Any CPU.ActiveCfg = Debug|Any CPU
		{D4AA1E15-4C5F-4B8E-B72A-5787439FD1F0}.Debug|Any CPU.Build.0 = Debug|Any CPU
		{D4AA1E15-4C5F-4B8E-B72A-5787439FD1F0}.Release|Any CPU.ActiveCfg = Release|Any CPU
		{D4AA1E15-4C5F-4B8E-B72A-5787439FD1F0}.Release|Any CPU.Build.0 = Release|Any CPU
		{383E018B-2F2D-4C5E-A117-E51E7BF0F203}.Debug|Any CPU.ActiveCfg = Debug|Any CPU
		{383E018B-2F2D-4C5E-A117-E51E7BF0F203}.Debug|Any CPU.Build.0 = Debug|Any CPU
		{383E018B-2F2D-4C5E-A117-E51E7BF0F203}.Release|Any CPU.ActiveCfg = Release|Any CPU
		{383E018B-2F2D-4C5E-A117-E51E7BF0F203}.Release|Any CPU.Build.0 = Release|Any CPU
		{AE31FBA9-9202-48A9-8860-A21FA1370AA6}.Debug|Any CPU.ActiveCfg = Debug|Any CPU
		{AE31FBA9-9202-48A9-8860-A21FA1370AA6}.Debug|Any CPU.Build.0 = Debug|Any CPU
		{AE31FBA9-9202-48A9-8860-A21FA1370AA6}.Release|Any CPU.ActiveCfg = Release|Any CPU
		{AE31FBA9-9202-48A9-8860-A21FA1370AA6}.Release|Any CPU.Build.0 = Release|Any CPU
		{0E2CB18C-F168-41BD-8143-1C1464CCCAD0}.Debug|Any CPU.ActiveCfg = Debug|Any CPU
		{0E2CB18C-F168-41BD-8143-1C1464CCCAD0}.Debug|Any CPU.Build.0 = Debug|Any CPU
		{0E2CB18C-F168-41BD-8143-1C1464CCCAD0}.Release|Any CPU.ActiveCfg = Release|Any CPU
		{0E2CB18C-F168-41BD-8143-1C1464CCCAD0}.Release|Any CPU.Build.0 = Release|Any CPU
		{8DCF2FD7-59B5-4D4E-AC02-9D520195B82B}.Debug|Any CPU.ActiveCfg = Debug|Any CPU
		{8DCF2FD7-59B5-4D4E-AC02-9D520195B82B}.Debug|Any CPU.Build.0 = Debug|Any CPU
		{8DCF2FD7-59B5-4D4E-AC02-9D520195B82B}.Release|Any CPU.ActiveCfg = Release|Any CPU
		{8DCF2FD7-59B5-4D4E-AC02-9D520195B82B}.Release|Any CPU.Build.0 = Release|Any CPU
		{0139454E-DD15-4C69-84EC-A03CFB33327B}.Debug|Any CPU.ActiveCfg = Debug|Any CPU
		{0139454E-DD15-4C69-84EC-A03CFB33327B}.Debug|Any CPU.Build.0 = Debug|Any CPU
		{0139454E-DD15-4C69-84EC-A03CFB33327B}.Release|Any CPU.ActiveCfg = Release|Any CPU
		{0139454E-DD15-4C69-84EC-A03CFB33327B}.Release|Any CPU.Build.0 = Release|Any CPU
		{E52F8533-5A14-4757-BD09-470D9C1D8D40}.Debug|Any CPU.ActiveCfg = Debug|Any CPU
		{E52F8533-5A14-4757-BD09-470D9C1D8D40}.Debug|Any CPU.Build.0 = Debug|Any CPU
		{E52F8533-5A14-4757-BD09-470D9C1D8D40}.Release|Any CPU.ActiveCfg = Release|Any CPU
		{E52F8533-5A14-4757-BD09-470D9C1D8D40}.Release|Any CPU.Build.0 = Release|Any CPU
		{A1E03F82-157B-4BCE-9064-300C1A5C49B4}.Debug|Any CPU.ActiveCfg = Debug|Any CPU
		{A1E03F82-157B-4BCE-9064-300C1A5C49B4}.Debug|Any CPU.Build.0 = Debug|Any CPU
		{A1E03F82-157B-4BCE-9064-300C1A5C49B4}.Release|Any CPU.ActiveCfg = Release|Any CPU
		{A1E03F82-157B-4BCE-9064-300C1A5C49B4}.Release|Any CPU.Build.0 = Release|Any CPU
		{42EA7E4B-D9FD-4E19-8314-18361E3C74C7}.Debug|Any CPU.ActiveCfg = Debug|Any CPU
		{42EA7E4B-D9FD-4E19-8314-18361E3C74C7}.Debug|Any CPU.Build.0 = Debug|Any CPU
		{42EA7E4B-D9FD-4E19-8314-18361E3C74C7}.Release|Any CPU.ActiveCfg = Release|Any CPU
		{42EA7E4B-D9FD-4E19-8314-18361E3C74C7}.Release|Any CPU.Build.0 = Release|Any CPU
		{5F558AD5-E71B-4272-B6CD-A7D62F04C22E}.Debug|Any CPU.ActiveCfg = Debug|Any CPU
		{5F558AD5-E71B-4272-B6CD-A7D62F04C22E}.Debug|Any CPU.Build.0 = Debug|Any CPU
		{5F558AD5-E71B-4272-B6CD-A7D62F04C22E}.Release|Any CPU.ActiveCfg = Release|Any CPU
		{5F558AD5-E71B-4272-B6CD-A7D62F04C22E}.Release|Any CPU.Build.0 = Release|Any CPU
		{C8BC06A2-8598-4135-B8A1-8841D61E3A8F}.Debug|Any CPU.ActiveCfg = Debug|Any CPU
		{C8BC06A2-8598-4135-B8A1-8841D61E3A8F}.Debug|Any CPU.Build.0 = Debug|Any CPU
		{C8BC06A2-8598-4135-B8A1-8841D61E3A8F}.Release|Any CPU.ActiveCfg = Release|Any CPU
		{C8BC06A2-8598-4135-B8A1-8841D61E3A8F}.Release|Any CPU.Build.0 = Release|Any CPU
		{F9F7F1D6-0C0F-4A61-9C8C-053E198452A8}.Debug|Any CPU.ActiveCfg = Debug|Any CPU
		{F9F7F1D6-0C0F-4A61-9C8C-053E198452A8}.Debug|Any CPU.Build.0 = Debug|Any CPU
		{F9F7F1D6-0C0F-4A61-9C8C-053E198452A8}.Release|Any CPU.ActiveCfg = Release|Any CPU
		{F9F7F1D6-0C0F-4A61-9C8C-053E198452A8}.Release|Any CPU.Build.0 = Release|Any CPU
		{B5F05FBB-664D-42DE-BB89-2446FAF9B1BE}.Debug|Any CPU.ActiveCfg = Debug|Any CPU
		{B5F05FBB-664D-42DE-BB89-2446FAF9B1BE}.Debug|Any CPU.Build.0 = Debug|Any CPU
		{B5F05FBB-664D-42DE-BB89-2446FAF9B1BE}.Release|Any CPU.ActiveCfg = Release|Any CPU
		{B5F05FBB-664D-42DE-BB89-2446FAF9B1BE}.Release|Any CPU.Build.0 = Release|Any CPU
		{F1482EF9-2BC4-426D-AEFA-B1C13B9B568A}.Debug|Any CPU.ActiveCfg = Debug|Any CPU
		{F1482EF9-2BC4-426D-AEFA-B1C13B9B568A}.Debug|Any CPU.Build.0 = Debug|Any CPU
		{F1482EF9-2BC4-426D-AEFA-B1C13B9B568A}.Release|Any CPU.ActiveCfg = Release|Any CPU
		{F1482EF9-2BC4-426D-AEFA-B1C13B9B568A}.Release|Any CPU.Build.0 = Release|Any CPU
		{046815E5-7635-4E83-93D1-170E4774AFB2}.Debug|Any CPU.ActiveCfg = Debug|Any CPU
		{046815E5-7635-4E83-93D1-170E4774AFB2}.Debug|Any CPU.Build.0 = Debug|Any CPU
		{046815E5-7635-4E83-93D1-170E4774AFB2}.Release|Any CPU.ActiveCfg = Release|Any CPU
		{046815E5-7635-4E83-93D1-170E4774AFB2}.Release|Any CPU.Build.0 = Release|Any CPU
		{0D59AFA8-FD51-4711-B443-4E374A0DFA4F}.Debug|Any CPU.ActiveCfg = Debug|Any CPU
		{0D59AFA8-FD51-4711-B443-4E374A0DFA4F}.Debug|Any CPU.Build.0 = Debug|Any CPU
		{0D59AFA8-FD51-4711-B443-4E374A0DFA4F}.Release|Any CPU.ActiveCfg = Release|Any CPU
		{0D59AFA8-FD51-4711-B443-4E374A0DFA4F}.Release|Any CPU.Build.0 = Release|Any CPU
		{1BA9003B-74D0-48AF-A3B7-8D640D10C783}.Debug|Any CPU.ActiveCfg = Debug|Any CPU
		{1BA9003B-74D0-48AF-A3B7-8D640D10C783}.Debug|Any CPU.Build.0 = Debug|Any CPU
		{1BA9003B-74D0-48AF-A3B7-8D640D10C783}.Release|Any CPU.ActiveCfg = Release|Any CPU
		{1BA9003B-74D0-48AF-A3B7-8D640D10C783}.Release|Any CPU.Build.0 = Release|Any CPU
		{E5D0225F-81E6-4FFE-AD5F-5BC866EB4D3A}.Debug|Any CPU.ActiveCfg = Debug|Any CPU
		{E5D0225F-81E6-4FFE-AD5F-5BC866EB4D3A}.Debug|Any CPU.Build.0 = Debug|Any CPU
		{E5D0225F-81E6-4FFE-AD5F-5BC866EB4D3A}.Release|Any CPU.ActiveCfg = Release|Any CPU
		{E5D0225F-81E6-4FFE-AD5F-5BC866EB4D3A}.Release|Any CPU.Build.0 = Release|Any CPU
		{621A5568-3350-4075-8A04-413CA7055DF0}.Debug|Any CPU.ActiveCfg = Debug|Any CPU
		{621A5568-3350-4075-8A04-413CA7055DF0}.Debug|Any CPU.Build.0 = Debug|Any CPU
		{621A5568-3350-4075-8A04-413CA7055DF0}.Release|Any CPU.ActiveCfg = Release|Any CPU
		{621A5568-3350-4075-8A04-413CA7055DF0}.Release|Any CPU.Build.0 = Release|Any CPU
		{B51203D7-5A40-47CE-9FBD-CFA81BCF8368}.Debug|Any CPU.ActiveCfg = Debug|Any CPU
		{B51203D7-5A40-47CE-9FBD-CFA81BCF8368}.Debug|Any CPU.Build.0 = Debug|Any CPU
		{B51203D7-5A40-47CE-9FBD-CFA81BCF8368}.Release|Any CPU.ActiveCfg = Release|Any CPU
		{B51203D7-5A40-47CE-9FBD-CFA81BCF8368}.Release|Any CPU.Build.0 = Release|Any CPU
		{23D60B98-74E1-46FA-B5E2-ACAD34A9B53B}.Debug|Any CPU.ActiveCfg = Debug|Any CPU
		{23D60B98-74E1-46FA-B5E2-ACAD34A9B53B}.Debug|Any CPU.Build.0 = Debug|Any CPU
		{23D60B98-74E1-46FA-B5E2-ACAD34A9B53B}.Release|Any CPU.ActiveCfg = Release|Any CPU
		{23D60B98-74E1-46FA-B5E2-ACAD34A9B53B}.Release|Any CPU.Build.0 = Release|Any CPU
		{25C40B16-52A3-419F-BD28-64F1A662A78A}.Debug|Any CPU.ActiveCfg = Debug|Any CPU
		{25C40B16-52A3-419F-BD28-64F1A662A78A}.Debug|Any CPU.Build.0 = Debug|Any CPU
		{25C40B16-52A3-419F-BD28-64F1A662A78A}.Release|Any CPU.ActiveCfg = Release|Any CPU
		{25C40B16-52A3-419F-BD28-64F1A662A78A}.Release|Any CPU.Build.0 = Release|Any CPU
		{1F3213A7-753E-4C37-B271-B873B2F7D82A}.Debug|Any CPU.ActiveCfg = Debug|Any CPU
		{1F3213A7-753E-4C37-B271-B873B2F7D82A}.Debug|Any CPU.Build.0 = Debug|Any CPU
		{1F3213A7-753E-4C37-B271-B873B2F7D82A}.Release|Any CPU.ActiveCfg = Release|Any CPU
		{1F3213A7-753E-4C37-B271-B873B2F7D82A}.Release|Any CPU.Build.0 = Release|Any CPU
		{64953C82-64CD-4762-8464-775805DDEFCB}.Debug|Any CPU.ActiveCfg = Debug|Any CPU
		{64953C82-64CD-4762-8464-775805DDEFCB}.Debug|Any CPU.Build.0 = Debug|Any CPU
		{64953C82-64CD-4762-8464-775805DDEFCB}.Release|Any CPU.ActiveCfg = Release|Any CPU
		{64953C82-64CD-4762-8464-775805DDEFCB}.Release|Any CPU.Build.0 = Release|Any CPU
		{9B9D1C16-1ACB-45C1-B597-657A38EBE5C2}.Debug|Any CPU.ActiveCfg = Debug|Any CPU
		{9B9D1C16-1ACB-45C1-B597-657A38EBE5C2}.Debug|Any CPU.Build.0 = Debug|Any CPU
		{9B9D1C16-1ACB-45C1-B597-657A38EBE5C2}.Release|Any CPU.ActiveCfg = Release|Any CPU
		{9B9D1C16-1ACB-45C1-B597-657A38EBE5C2}.Release|Any CPU.Build.0 = Release|Any CPU
		{CA3B0087-FCC8-40D6-AA9B-A0D0B9C4D8CC}.Debug|Any CPU.ActiveCfg = Debug|Any CPU
		{CA3B0087-FCC8-40D6-AA9B-A0D0B9C4D8CC}.Debug|Any CPU.Build.0 = Debug|Any CPU
		{CA3B0087-FCC8-40D6-AA9B-A0D0B9C4D8CC}.Release|Any CPU.ActiveCfg = Release|Any CPU
		{CA3B0087-FCC8-40D6-AA9B-A0D0B9C4D8CC}.Release|Any CPU.Build.0 = Release|Any CPU
		{7B9BD579-4F32-4B8B-B610-FCE545F71371}.Debug|Any CPU.ActiveCfg = Debug|Any CPU
		{7B9BD579-4F32-4B8B-B610-FCE545F71371}.Debug|Any CPU.Build.0 = Debug|Any CPU
		{7B9BD579-4F32-4B8B-B610-FCE545F71371}.Release|Any CPU.ActiveCfg = Release|Any CPU
		{7B9BD579-4F32-4B8B-B610-FCE545F71371}.Release|Any CPU.Build.0 = Release|Any CPU
		{046C9DFC-26EF-401C-80FE-15FC409EAEDC}.Debug|Any CPU.ActiveCfg = Debug|Any CPU
		{046C9DFC-26EF-401C-80FE-15FC409EAEDC}.Debug|Any CPU.Build.0 = Debug|Any CPU
		{046C9DFC-26EF-401C-80FE-15FC409EAEDC}.Release|Any CPU.ActiveCfg = Release|Any CPU
		{046C9DFC-26EF-401C-80FE-15FC409EAEDC}.Release|Any CPU.Build.0 = Release|Any CPU
		{B6D045C2-FC5A-49A3-A575-7C1957C3DC6A}.Debug|Any CPU.ActiveCfg = Debug|Any CPU
		{B6D045C2-FC5A-49A3-A575-7C1957C3DC6A}.Debug|Any CPU.Build.0 = Debug|Any CPU
		{B6D045C2-FC5A-49A3-A575-7C1957C3DC6A}.Release|Any CPU.ActiveCfg = Release|Any CPU
		{B6D045C2-FC5A-49A3-A575-7C1957C3DC6A}.Release|Any CPU.Build.0 = Release|Any CPU
		{EB87CC49-B23A-4BA2-8055-FC77C4EB5C5F}.Debug|Any CPU.ActiveCfg = Debug|Any CPU
		{EB87CC49-B23A-4BA2-8055-FC77C4EB5C5F}.Debug|Any CPU.Build.0 = Debug|Any CPU
		{EB87CC49-B23A-4BA2-8055-FC77C4EB5C5F}.Release|Any CPU.ActiveCfg = Release|Any CPU
		{EB87CC49-B23A-4BA2-8055-FC77C4EB5C5F}.Release|Any CPU.Build.0 = Release|Any CPU
		{239FD3DC-F933-4E17-AA82-8A9F93AF1551}.Debug|Any CPU.ActiveCfg = Debug|Any CPU
		{239FD3DC-F933-4E17-AA82-8A9F93AF1551}.Debug|Any CPU.Build.0 = Debug|Any CPU
		{239FD3DC-F933-4E17-AA82-8A9F93AF1551}.Release|Any CPU.ActiveCfg = Release|Any CPU
		{239FD3DC-F933-4E17-AA82-8A9F93AF1551}.Release|Any CPU.Build.0 = Release|Any CPU
		{A8153E35-9A07-495D-95A4-E8B84B4B1AF3}.Debug|Any CPU.ActiveCfg = Debug|Any CPU
		{A8153E35-9A07-495D-95A4-E8B84B4B1AF3}.Debug|Any CPU.Build.0 = Debug|Any CPU
		{A8153E35-9A07-495D-95A4-E8B84B4B1AF3}.Release|Any CPU.ActiveCfg = Release|Any CPU
		{A8153E35-9A07-495D-95A4-E8B84B4B1AF3}.Release|Any CPU.Build.0 = Release|Any CPU
		{8FAC585C-8E23-4112-A6CB-BD2912503FEE}.Debug|Any CPU.ActiveCfg = Debug|Any CPU
		{8FAC585C-8E23-4112-A6CB-BD2912503FEE}.Debug|Any CPU.Build.0 = Debug|Any CPU
		{8FAC585C-8E23-4112-A6CB-BD2912503FEE}.Release|Any CPU.ActiveCfg = Release|Any CPU
		{8FAC585C-8E23-4112-A6CB-BD2912503FEE}.Release|Any CPU.Build.0 = Release|Any CPU
		{478D361A-69DD-4BF2-B2FA-B7D34C865C85}.Debug|Any CPU.ActiveCfg = Debug|Any CPU
		{478D361A-69DD-4BF2-B2FA-B7D34C865C85}.Debug|Any CPU.Build.0 = Debug|Any CPU
		{478D361A-69DD-4BF2-B2FA-B7D34C865C85}.Release|Any CPU.ActiveCfg = Release|Any CPU
		{478D361A-69DD-4BF2-B2FA-B7D34C865C85}.Release|Any CPU.Build.0 = Release|Any CPU
		{DA8EC0B5-061B-44EF-9251-BC06C5C367C4}.Debug|Any CPU.ActiveCfg = Debug|Any CPU
		{DA8EC0B5-061B-44EF-9251-BC06C5C367C4}.Debug|Any CPU.Build.0 = Debug|Any CPU
		{DA8EC0B5-061B-44EF-9251-BC06C5C367C4}.Release|Any CPU.ActiveCfg = Release|Any CPU
		{DA8EC0B5-061B-44EF-9251-BC06C5C367C4}.Release|Any CPU.Build.0 = Release|Any CPU
		{33033DBA-5CF3-40DD-BB1E-3CBFE26FE9E7}.Debug|Any CPU.ActiveCfg = Debug|Any CPU
		{33033DBA-5CF3-40DD-BB1E-3CBFE26FE9E7}.Debug|Any CPU.Build.0 = Debug|Any CPU
		{33033DBA-5CF3-40DD-BB1E-3CBFE26FE9E7}.Release|Any CPU.ActiveCfg = Release|Any CPU
		{33033DBA-5CF3-40DD-BB1E-3CBFE26FE9E7}.Release|Any CPU.Build.0 = Release|Any CPU
		{471771FA-B569-45D2-B03D-8A749CDBCEF0}.Debug|Any CPU.ActiveCfg = Debug|Any CPU
		{471771FA-B569-45D2-B03D-8A749CDBCEF0}.Debug|Any CPU.Build.0 = Debug|Any CPU
		{471771FA-B569-45D2-B03D-8A749CDBCEF0}.Release|Any CPU.ActiveCfg = Release|Any CPU
		{471771FA-B569-45D2-B03D-8A749CDBCEF0}.Release|Any CPU.Build.0 = Release|Any CPU
		{D2E72E92-ED66-4AB9-89A6-7F506E1474E0}.Debug|Any CPU.ActiveCfg = Debug|Any CPU
		{D2E72E92-ED66-4AB9-89A6-7F506E1474E0}.Debug|Any CPU.Build.0 = Debug|Any CPU
		{D2E72E92-ED66-4AB9-89A6-7F506E1474E0}.Release|Any CPU.ActiveCfg = Release|Any CPU
		{D2E72E92-ED66-4AB9-89A6-7F506E1474E0}.Release|Any CPU.Build.0 = Release|Any CPU
	EndGlobalSection
	GlobalSection(SolutionProperties) = preSolution
		HideSolutionNode = FALSE
	EndGlobalSection
	GlobalSection(NestedProjects) = preSolution
		{09D4C7BA-9062-4923-9DE6-04BB96598AFC} = {D6D52FEE-9407-42FA-A2D4-5DF9CD9E2DD6}
		{B5B5A780-C79B-4F98-A3F4-BAA20C59F07E} = {D6D52FEE-9407-42FA-A2D4-5DF9CD9E2DD6}
		{B2F4E5F0-4FEC-4079-9908-5819D929EC19} = {D6D52FEE-9407-42FA-A2D4-5DF9CD9E2DD6}
	EndGlobalSection
	GlobalSection(ExtensibilityGlobals) = postSolution
		SolutionGuid = {B7EB776F-90EF-4B98-B47F-BA3EB5C7173B}
	EndGlobalSection
EndGlobal
