
Microsoft Visual Studio Solution File, Format Version 12.00
# Visual Studio 15
VisualStudioVersion = 15.0.28307.271
MinimumVisualStudioVersion = 10.0.40219.1
Project("{9A19103F-16F7-4668-BE54-9A1E7A4F7556}") = "linqToXml", "linqToXml\linqToXml.csproj", "{7A1320D1-2C18-4D13-8E98-A5ECDCFDE34B}"
EndProject
Project("{9A19103F-16F7-4668-BE54-9A1E7A4F7556}") = "LinqStudy", "LinqStudy\LinqStudy.csproj", "{08B8800F-FC30-4F33-A39B-81D0DE90DF41}"
EndProject
Project("{FAE04EC0-301F-11D3-BF4B-00C04F79EFBC}") = "ConsoleApp1", "ConsoleApp1\ConsoleApp1.csproj", "{96ED69B0-A341-4442-96E4-1D9E60A8C914}"
EndProject
Project("{FAE04EC0-301F-11D3-BF4B-00C04F79EFBC}") = "PingStudy", "PingStudy\PingStudy.csproj", "{07E9D181-1F6A-4993-AEC9-159859B2D64D}"
EndProject
Project("{FAE04EC0-301F-11D3-BF4B-00C04F79EFBC}") = "标准查询", "标准查询\标准查询.csproj", "{748328AC-33BD-4719-A937-FC7C29068279}"
EndProject
Project("{FAE04EC0-301F-11D3-BF4B-00C04F79EFBC}") = "拓展方法", "拓展方法\拓展方法.csproj", "{25B911E1-F0E3-4FA2-BDBC-9DF6498B76D4}"
EndProject
Project("{FAE04EC0-301F-11D3-BF4B-00C04F79EFBC}") = "语法糖", "语法糖\语法糖.csproj", "{5F43EC98-819A-4E90-BCF4-710D3F250614}"
EndProject
Project("{FAE04EC0-301F-11D3-BF4B-00C04F79EFBC}") = "RealTimeChart", "RealTimeChart\RealTimeChart.csproj", "{3FD37791-6E5C-4BDE-90D9-D1DBED1220FA}"
EndProject
Project("{FAE04EC0-301F-11D3-BF4B-00C04F79EFBC}") = "ConstAndReadonly", "ConstAndReadonly\ConstAndReadonly.csproj", "{355744D5-014B-479D-B596-2873264D72BC}"
EndProject
Project("{FAE04EC0-301F-11D3-BF4B-00C04F79EFBC}") = "窗体间传值", "窗体间传值\窗体间传值.csproj", "{E1F53D47-4844-49FD-9CB5-012543FD32CB}"
EndProject
Project("{FAE04EC0-301F-11D3-BF4B-00C04F79EFBC}") = "多线程死锁", "多线程死锁\多线程死锁.csproj", "{906776A1-A06A-4C66-AB5B-064073E3CA83}"
EndProject
Project("{FAE04EC0-301F-11D3-BF4B-00C04F79EFBC}") = "多线程", "多线程\多线程.csproj", "{83754A75-7802-4443-87ED-74849EC9B724}"
EndProject
Project("{FAE04EC0-301F-11D3-BF4B-00C04F79EFBC}") = "线程池", "线程池\线程池.csproj", "{9DA58549-7F83-4499-A761-9F5959954B9A}"
EndProject
Project("{FAE04EC0-301F-11D3-BF4B-00C04F79EFBC}") = "delegate实现多线程", "delegate实现多线程\delegate实现多线程.csproj", "{0FA10AA5-4BDE-46F5-8068-5A01B2200284}"
EndProject
Project("{FAE04EC0-301F-11D3-BF4B-00C04F79EFBC}") = "Task实现多线程", "Task实现多线程\Task实现多线程.csproj", "{62661DD1-4C48-42D2-B824-ACF480B74DC6}"
EndProject
Project("{FAE04EC0-301F-11D3-BF4B-00C04F79EFBC}") = "HashtableStudy", "HashtableStudy\HashtableStudy.csproj", "{9A7A4493-35BD-4E21-8308-B161E2BDA968}"
EndProject
Project("{FAE04EC0-301F-11D3-BF4B-00C04F79EFBC}") = "异步方法", "异步方法\异步方法.csproj", "{5255D589-8419-4E6A-8C49-DAF6FC6AACA6}"
EndProject
Project("{FAE04EC0-301F-11D3-BF4B-00C04F79EFBC}") = "EntityFrameworkStudy", "EntityFrameworkStudy\EntityFrameworkStudy.csproj", "{22191F14-1CB9-4F17-96F3-6E98D4353F08}"
EndProject
Project("{FAE04EC0-301F-11D3-BF4B-00C04F79EFBC}") = "Random_Next产生不重复随机数", "Random.Next产生不重复随机数\Random_Next产生不重复随机数.csproj", "{5BC73E07-B1D1-4BF6-82C5-33847301C070}"
EndProject
Project("{FAE04EC0-301F-11D3-BF4B-00C04F79EFBC}") = "反射", "反射\反射.csproj", "{B3A44CC2-43EA-49BA-B154-B00373B27185}"
EndProject
Project("{FAE04EC0-301F-11D3-BF4B-00C04F79EFBC}") = "动态加载程序集", "动态加载程序集\动态加载程序集.csproj", "{E271448C-985A-4D98-B8BC-EFF28F22502A}"
EndProject
Project("{FAE04EC0-301F-11D3-BF4B-00C04F79EFBC}") = "序列化与反序列化", "序列化与反序列化\序列化与反序列化.csproj", "{EAF6CDD8-2A42-41DB-80B8-8C41637D1FF6}"
EndProject
Project("{FAE04EC0-301F-11D3-BF4B-00C04F79EFBC}") = "XML基本操作", "XML基本操作\XML基本操作.csproj", "{9F1F9254-DC5A-4B95-B5CA-56A9CBEB8ADC}"
EndProject
Project("{FAE04EC0-301F-11D3-BF4B-00C04F79EFBC}") = "Json基本操作", "Json基本操作\Json基本操作.csproj", "{6C878A7F-1202-4006-BA5C-ADCF164BAE0E}"
EndProject
Project("{FAE04EC0-301F-11D3-BF4B-00C04F79EFBC}") = "匿名类型", "匿名类型\匿名类型.csproj", "{2D2C2BB0-72CB-4CE6-A7AB-AEF7FA7B0A2D}"
EndProject
Project("{FAE04EC0-301F-11D3-BF4B-00C04F79EFBC}") = "正则表达式", "正则表达式\正则表达式.csproj", "{F1467CAB-D237-4332-8ED6-AC21547E9CD2}"
EndProject
Project("{FAE04EC0-301F-11D3-BF4B-00C04F79EFBC}") = "特性", "特性\特性.csproj", "{8A8B5980-313D-4B0A-84E9-093EC8FA17A1}"
EndProject
Project("{FAE04EC0-301F-11D3-BF4B-00C04F79EFBC}") = "winform中异步方法的应用", "winform中异步方法的应用\winform中异步方法的应用.csproj", "{31D9F0B0-8CD8-4A49-BAC0-4298C24AEE37}"
EndProject
Project("{FAE04EC0-301F-11D3-BF4B-00C04F79EFBC}") = "自定义类通过IEnumerable接口实现foreach操作", "自定义类通过IEnumerable接口实现foreach操作\自定义类通过IEnumerable接口实现foreach操作.csproj", "{CB4FF2F8-E270-43AD-B673-9A03BD3BD490}"
EndProject
Project("{FAE04EC0-301F-11D3-BF4B-00C04F79EFBC}") = "自定义类型转换", "自定义类型转换\自定义类型转换.csproj", "{90CA6D60-444D-49B6-B806-098D1E9404D5}"
EndProject
Project("{FAE04EC0-301F-11D3-BF4B-00C04F79EFBC}") = "运算符重载", "运算符重载\运算符重载.csproj", "{A4349633-A0F9-45FC-8D2C-32235DB8815F}"
EndProject
Project("{FAE04EC0-301F-11D3-BF4B-00C04F79EFBC}") = "带有超时限制的方法", "带有超时限制的方法\带有超时限制的方法.csproj", "{1D907C76-0803-4055-9A19-2CF1CBBFBAAE}"
EndProject
Project("{FAE04EC0-301F-11D3-BF4B-00C04F79EFBC}") = "泛型的协变和逆变", "泛型的协变和逆变\泛型的协变和逆变.csproj", "{97EDF649-C6FF-4616-8B6F-557F3D768F13}"
EndProject
Project("{FAE04EC0-301F-11D3-BF4B-00C04F79EFBC}") = "数组的协变", "数组的协变\数组的协变.csproj", "{813D1C2F-86E0-480B-8C05-F617FF74D0CE}"
EndProject
Project("{FAE04EC0-301F-11D3-BF4B-00C04F79EFBC}") = "子窗体控制父窗体显示和隐藏", "子窗体控制父窗体显示和隐藏\子窗体控制父窗体显示和隐藏.csproj", "{BF1F0B68-93A1-4823-98C9-04583E660D48}"
EndProject
Project("{FAE04EC0-301F-11D3-BF4B-00C04F79EFBC}") = "获取CPU序列号_网卡MAC地址_硬盘序列号", "获取CPU序列号_网卡MAC地址_硬盘序列号\获取CPU序列号_网卡MAC地址_硬盘序列号.csproj", "{306868F4-829E-4989-ADC3-8E16667769DA}"
EndProject
Project("{FAE04EC0-301F-11D3-BF4B-00C04F79EFBC}") = "简单三层架构实现用户登录窗口", "简单三层架构实现用户登录窗口\简单三层架构实现用户登录窗口.csproj", "{C79EE5D8-3F1A-417F-9930-53C71F4939C4}"
EndProject
Project("{FAE04EC0-301F-11D3-BF4B-00C04F79EFBC}") = "执行Dos命令和批处理", "执行Dos命令和批处理\执行Dos命令和批处理.csproj", "{FEC1D232-ABAC-4E41-A436-D3CEA7F7753D}"
EndProject
Project("{FAE04EC0-301F-11D3-BF4B-00C04F79EFBC}") = "配置文件的读写", "配置文件的读写\配置文件的读写.csproj", "{0AE54588-952E-43B4-9828-D2564DB06274}"
EndProject
Project("{FAE04EC0-301F-11D3-BF4B-00C04F79EFBC}") = "析构函数", "析构函数\析构函数.csproj", "{95FF30A4-5F32-4891-8F86-EC2AB46F2803}"
EndProject
Project("{FAE04EC0-301F-11D3-BF4B-00C04F79EFBC}") = "标准Dispose模式", "标准Dispose模式\标准Dispose模式.csproj", "{198573C7-55B2-4949-8F64-28D4BEDEAF0E}"
EndProject
Project("{FAE04EC0-301F-11D3-BF4B-00C04F79EFBC}") = "NPOI读写excel", "NPOI读写excel\NPOI读写excel.csproj", "{C5176B84-D14A-4FB2-8187-8BAE05765728}"
EndProject
Project("{FAE04EC0-301F-11D3-BF4B-00C04F79EFBC}") = "获取当前程序所在目录", "获取当前程序所在目录\获取当前程序所在目录.csproj", "{37189DE4-734B-4CFE-823D-AE4FFE3EAA18}"
EndProject
Project("{FAE04EC0-301F-11D3-BF4B-00C04F79EFBC}") = "DataGridView绑定DataTable数据源并指定对应", "DataGridView绑定DataTable数据源并指定对应\DataGridView绑定DataTable数据源并指定对应.csproj", "{74219350-52D9-4B83-8F66-7A1753856F71}"
EndProject
Project("{FAE04EC0-301F-11D3-BF4B-00C04F79EFBC}") = "泛型的类型约束", "泛型的类型约束\泛型的类型约束.csproj", "{82F25D76-4F35-4028-BFF0-0DAE4DE2BA0F}"
EndProject
Project("{FAE04EC0-301F-11D3-BF4B-00C04F79EFBC}") = "泛基", "泛基\泛基.csproj", "{A762E6A6-BA9D-4E33-85B3-E9E7C4D259E2}"
EndProject
Project("{FAE04EC0-301F-11D3-BF4B-00C04F79EFBC}") = "泛型单例", "泛型单例\泛型单例.csproj", "{6830AEC8-7AA4-4EF6-BAB3-DE2A4DA09C21}"
EndProject
Project("{FAE04EC0-301F-11D3-BF4B-00C04F79EFBC}") = "根据设备信息获取其对应的串口号", "根据设备信息获取其对应的串口号\根据设备信息获取其对应的串口号.csproj", "{1EF1D1DF-C64A-4DE0-B3D1-CCC034B87C33}"
EndProject
Project("{FAE04EC0-301F-11D3-BF4B-00C04F79EFBC}") = "写入日志文件", "写入日志文件\写入日志文件.csproj", "{8A6E0DFC-5BAC-4A34-B2DF-5A5057C43F39}"
EndProject
Project("{FAE04EC0-301F-11D3-BF4B-00C04F79EFBC}") = "元组的使用", "元组的使用\元组的使用.csproj", "{E537BB31-3B0D-45A2-B018-97460057C571}"
EndProject
Project("{FAE04EC0-301F-11D3-BF4B-00C04F79EFBC}") = "in作为方法参数修饰符的作用", "in作为方法参数修饰符的作用\in作为方法参数修饰符的作用.csproj", "{97DDCBD5-1396-4181-ACFC-DCA71E728AA3}"
EndProject
Project("{FAE04EC0-301F-11D3-BF4B-00C04F79EFBC}") = "checked和unchecked关键字", "checked和unchecked关键字\checked和unchecked关键字.csproj", "{08B45EF4-F8F2-4C7B-8B13-961AE82F8220}"
EndProject
Project("{FAE04EC0-301F-11D3-BF4B-00C04F79EFBC}") = "ListView的使用", "ListView的使用\ListView的使用.csproj", "{A8EC913D-3F7C-4BE9-A500-9DF0F8BB4CE3}"
EndProject
Project("{FAE04EC0-301F-11D3-BF4B-00C04F79EFBC}") = "索引器", "索引器\索引器.csproj", "{A7059E44-3790-4A83-A4AD-D34C4007BFEC}"
EndProject
Project("{FAE04EC0-301F-11D3-BF4B-00C04F79EFBC}") = "winform取消方向键对控件焦点控制的实现方法", "winform取消方向键对控件焦点控制的实现方法\winform取消方向键对控件焦点控制的实现方法.csproj", "{F9D70405-2FDE-4356-96E8-61D25587C1C8}"
EndProject
Project("{FAE04EC0-301F-11D3-BF4B-00C04F79EFBC}") = "winform程序添加快捷键", "winform程序添加快捷键\winform程序添加快捷键.csproj", "{C1718355-44DE-44B9-BCC8-98765BA430BC}"
EndProject
Project("{FAE04EC0-301F-11D3-BF4B-00C04F79EFBC}") = "winform加载多控件闪烁问题的解决办法", "winform加载多控件闪烁问题的解决办法\winform加载多控件闪烁问题的解决办法.csproj", "{53FCB179-E6D3-4A7B-BB6B-4D99BF7D753C}"
EndProject
Project("{FAE04EC0-301F-11D3-BF4B-00C04F79EFBC}") = "Lazy实现对象延迟加载", "Lazy实现对象延迟加载\Lazy实现对象延迟加载.csproj", "{0B1ED14B-1EC1-4DF5-B8D3-BDC7DBDD988D}"
EndProject
Project("{FAE04EC0-301F-11D3-BF4B-00C04F79EFBC}") = "字符串驻留池", "字符串驻留池\字符串驻留池.csproj", "{EDBCA4C9-B841-4E1C-92E9-4671E1AB0B9F}"
EndProject
Project("{FAE04EC0-301F-11D3-BF4B-00C04F79EFBC}") = "GDI绘图", "GDI绘图\GDI绘图.csproj", "{03AD9C1C-6246-4512-9188-C895C5A409C2}"
EndProject
Project("{FAE04EC0-301F-11D3-BF4B-00C04F79EFBC}") = "GDI绘制验证码", "GDI绘制验证码\GDI绘制验证码.csproj", "{80293012-5B6F-4C7D-8881-4A1DD9AB7DA6}"
EndProject
Project("{FAE04EC0-301F-11D3-BF4B-00C04F79EFBC}") = "MD5加密", "MD5加密\MD5加密.csproj", "{EC819974-3662-4B4B-A8F2-DCE01FE8E1C3}"
EndProject
Project("{FAE04EC0-301F-11D3-BF4B-00C04F79EFBC}") = "给数组赋值连续整数", "给数组赋值连续整数\给数组赋值连续整数.csproj", "{B4EAA9BA-344F-45B7-A137-0A07BF8F4E03}"
EndProject
Project("{FAE04EC0-301F-11D3-BF4B-00C04F79EFBC}") = "将数组转为二叉树", "将数组转为二叉树\将数组转为二叉树.csproj", "{2007FF0C-6104-494B-A4F1-9104003D7083}"
EndProject
Project("{FAE04EC0-301F-11D3-BF4B-00C04F79EFBC}") = "访问剪切板", "访问剪切板\访问剪切板.csproj", "{5AA26E12-4C22-4F5F-9A7B-8262DF814A6C}"
EndProject
Project("{FAE04EC0-301F-11D3-BF4B-00C04F79EFBC}") = "非独占延时", "非独占延时\非独占延时.csproj", "{562C0D60-F8DD-43A6-9A7B-B63E447D90BD}"
EndProject
Global
	GlobalSection(SolutionConfigurationPlatforms) = preSolution
		Debug|Any CPU = Debug|Any CPU
		Release|Any CPU = Release|Any CPU
	EndGlobalSection
	GlobalSection(ProjectConfigurationPlatforms) = postSolution
		{7A1320D1-2C18-4D13-8E98-A5ECDCFDE34B}.Debug|Any CPU.ActiveCfg = Debug|Any CPU
		{7A1320D1-2C18-4D13-8E98-A5ECDCFDE34B}.Debug|Any CPU.Build.0 = Debug|Any CPU
		{7A1320D1-2C18-4D13-8E98-A5ECDCFDE34B}.Release|Any CPU.ActiveCfg = Release|Any CPU
		{7A1320D1-2C18-4D13-8E98-A5ECDCFDE34B}.Release|Any CPU.Build.0 = Release|Any CPU
		{08B8800F-FC30-4F33-A39B-81D0DE90DF41}.Debug|Any CPU.ActiveCfg = Debug|Any CPU
		{08B8800F-FC30-4F33-A39B-81D0DE90DF41}.Debug|Any CPU.Build.0 = Debug|Any CPU
		{08B8800F-FC30-4F33-A39B-81D0DE90DF41}.Release|Any CPU.ActiveCfg = Release|Any CPU
		{08B8800F-FC30-4F33-A39B-81D0DE90DF41}.Release|Any CPU.Build.0 = Release|Any CPU
		{96ED69B0-A341-4442-96E4-1D9E60A8C914}.Debug|Any CPU.ActiveCfg = Debug|Any CPU
		{96ED69B0-A341-4442-96E4-1D9E60A8C914}.Debug|Any CPU.Build.0 = Debug|Any CPU
		{96ED69B0-A341-4442-96E4-1D9E60A8C914}.Release|Any CPU.ActiveCfg = Release|Any CPU
		{96ED69B0-A341-4442-96E4-1D9E60A8C914}.Release|Any CPU.Build.0 = Release|Any CPU
		{07E9D181-1F6A-4993-AEC9-159859B2D64D}.Debug|Any CPU.ActiveCfg = Debug|Any CPU
		{07E9D181-1F6A-4993-AEC9-159859B2D64D}.Debug|Any CPU.Build.0 = Debug|Any CPU
		{07E9D181-1F6A-4993-AEC9-159859B2D64D}.Release|Any CPU.ActiveCfg = Release|Any CPU
		{07E9D181-1F6A-4993-AEC9-159859B2D64D}.Release|Any CPU.Build.0 = Release|Any CPU
		{748328AC-33BD-4719-A937-FC7C29068279}.Debug|Any CPU.ActiveCfg = Debug|Any CPU
		{748328AC-33BD-4719-A937-FC7C29068279}.Debug|Any CPU.Build.0 = Debug|Any CPU
		{748328AC-33BD-4719-A937-FC7C29068279}.Release|Any CPU.ActiveCfg = Release|Any CPU
		{748328AC-33BD-4719-A937-FC7C29068279}.Release|Any CPU.Build.0 = Release|Any CPU
		{25B911E1-F0E3-4FA2-BDBC-9DF6498B76D4}.Debug|Any CPU.ActiveCfg = Debug|Any CPU
		{25B911E1-F0E3-4FA2-BDBC-9DF6498B76D4}.Debug|Any CPU.Build.0 = Debug|Any CPU
		{25B911E1-F0E3-4FA2-BDBC-9DF6498B76D4}.Release|Any CPU.ActiveCfg = Release|Any CPU
		{25B911E1-F0E3-4FA2-BDBC-9DF6498B76D4}.Release|Any CPU.Build.0 = Release|Any CPU
		{5F43EC98-819A-4E90-BCF4-710D3F250614}.Debug|Any CPU.ActiveCfg = Debug|Any CPU
		{5F43EC98-819A-4E90-BCF4-710D3F250614}.Debug|Any CPU.Build.0 = Debug|Any CPU
		{5F43EC98-819A-4E90-BCF4-710D3F250614}.Release|Any CPU.ActiveCfg = Release|Any CPU
		{5F43EC98-819A-4E90-BCF4-710D3F250614}.Release|Any CPU.Build.0 = Release|Any CPU
		{3FD37791-6E5C-4BDE-90D9-D1DBED1220FA}.Debug|Any CPU.ActiveCfg = Debug|Any CPU
		{3FD37791-6E5C-4BDE-90D9-D1DBED1220FA}.Debug|Any CPU.Build.0 = Debug|Any CPU
		{3FD37791-6E5C-4BDE-90D9-D1DBED1220FA}.Release|Any CPU.ActiveCfg = Release|Any CPU
		{3FD37791-6E5C-4BDE-90D9-D1DBED1220FA}.Release|Any CPU.Build.0 = Release|Any CPU
		{355744D5-014B-479D-B596-2873264D72BC}.Debug|Any CPU.ActiveCfg = Debug|Any CPU
		{355744D5-014B-479D-B596-2873264D72BC}.Debug|Any CPU.Build.0 = Debug|Any CPU
		{355744D5-014B-479D-B596-2873264D72BC}.Release|Any CPU.ActiveCfg = Release|Any CPU
		{355744D5-014B-479D-B596-2873264D72BC}.Release|Any CPU.Build.0 = Release|Any CPU
		{E1F53D47-4844-49FD-9CB5-012543FD32CB}.Debug|Any CPU.ActiveCfg = Debug|Any CPU
		{E1F53D47-4844-49FD-9CB5-012543FD32CB}.Debug|Any CPU.Build.0 = Debug|Any CPU
		{E1F53D47-4844-49FD-9CB5-012543FD32CB}.Release|Any CPU.ActiveCfg = Release|Any CPU
		{E1F53D47-4844-49FD-9CB5-012543FD32CB}.Release|Any CPU.Build.0 = Release|Any CPU
		{906776A1-A06A-4C66-AB5B-064073E3CA83}.Debug|Any CPU.ActiveCfg = Debug|Any CPU
		{906776A1-A06A-4C66-AB5B-064073E3CA83}.Debug|Any CPU.Build.0 = Debug|Any CPU
		{906776A1-A06A-4C66-AB5B-064073E3CA83}.Release|Any CPU.ActiveCfg = Release|Any CPU
		{906776A1-A06A-4C66-AB5B-064073E3CA83}.Release|Any CPU.Build.0 = Release|Any CPU
		{83754A75-7802-4443-87ED-74849EC9B724}.Debug|Any CPU.ActiveCfg = Debug|Any CPU
		{83754A75-7802-4443-87ED-74849EC9B724}.Debug|Any CPU.Build.0 = Debug|Any CPU
		{83754A75-7802-4443-87ED-74849EC9B724}.Release|Any CPU.ActiveCfg = Release|Any CPU
		{83754A75-7802-4443-87ED-74849EC9B724}.Release|Any CPU.Build.0 = Release|Any CPU
		{9DA58549-7F83-4499-A761-9F5959954B9A}.Debug|Any CPU.ActiveCfg = Debug|Any CPU
		{9DA58549-7F83-4499-A761-9F5959954B9A}.Debug|Any CPU.Build.0 = Debug|Any CPU
		{9DA58549-7F83-4499-A761-9F5959954B9A}.Release|Any CPU.ActiveCfg = Release|Any CPU
		{9DA58549-7F83-4499-A761-9F5959954B9A}.Release|Any CPU.Build.0 = Release|Any CPU
		{0FA10AA5-4BDE-46F5-8068-5A01B2200284}.Debug|Any CPU.ActiveCfg = Debug|Any CPU
		{0FA10AA5-4BDE-46F5-8068-5A01B2200284}.Debug|Any CPU.Build.0 = Debug|Any CPU
		{0FA10AA5-4BDE-46F5-8068-5A01B2200284}.Release|Any CPU.ActiveCfg = Release|Any CPU
		{0FA10AA5-4BDE-46F5-8068-5A01B2200284}.Release|Any CPU.Build.0 = Release|Any CPU
		{62661DD1-4C48-42D2-B824-ACF480B74DC6}.Debug|Any CPU.ActiveCfg = Debug|Any CPU
		{62661DD1-4C48-42D2-B824-ACF480B74DC6}.Debug|Any CPU.Build.0 = Debug|Any CPU
		{62661DD1-4C48-42D2-B824-ACF480B74DC6}.Release|Any CPU.ActiveCfg = Release|Any CPU
		{62661DD1-4C48-42D2-B824-ACF480B74DC6}.Release|Any CPU.Build.0 = Release|Any CPU
		{9A7A4493-35BD-4E21-8308-B161E2BDA968}.Debug|Any CPU.ActiveCfg = Debug|Any CPU
		{9A7A4493-35BD-4E21-8308-B161E2BDA968}.Debug|Any CPU.Build.0 = Debug|Any CPU
		{9A7A4493-35BD-4E21-8308-B161E2BDA968}.Release|Any CPU.ActiveCfg = Release|Any CPU
		{9A7A4493-35BD-4E21-8308-B161E2BDA968}.Release|Any CPU.Build.0 = Release|Any CPU
		{5255D589-8419-4E6A-8C49-DAF6FC6AACA6}.Debug|Any CPU.ActiveCfg = Debug|Any CPU
		{5255D589-8419-4E6A-8C49-DAF6FC6AACA6}.Debug|Any CPU.Build.0 = Debug|Any CPU
		{5255D589-8419-4E6A-8C49-DAF6FC6AACA6}.Release|Any CPU.ActiveCfg = Release|Any CPU
		{5255D589-8419-4E6A-8C49-DAF6FC6AACA6}.Release|Any CPU.Build.0 = Release|Any CPU
		{22191F14-1CB9-4F17-96F3-6E98D4353F08}.Debug|Any CPU.ActiveCfg = Debug|Any CPU
		{22191F14-1CB9-4F17-96F3-6E98D4353F08}.Debug|Any CPU.Build.0 = Debug|Any CPU
		{22191F14-1CB9-4F17-96F3-6E98D4353F08}.Release|Any CPU.ActiveCfg = Release|Any CPU
		{22191F14-1CB9-4F17-96F3-6E98D4353F08}.Release|Any CPU.Build.0 = Release|Any CPU
		{5BC73E07-B1D1-4BF6-82C5-33847301C070}.Debug|Any CPU.ActiveCfg = Debug|Any CPU
		{5BC73E07-B1D1-4BF6-82C5-33847301C070}.Debug|Any CPU.Build.0 = Debug|Any CPU
		{5BC73E07-B1D1-4BF6-82C5-33847301C070}.Release|Any CPU.ActiveCfg = Release|Any CPU
		{5BC73E07-B1D1-4BF6-82C5-33847301C070}.Release|Any CPU.Build.0 = Release|Any CPU
		{B3A44CC2-43EA-49BA-B154-B00373B27185}.Debug|Any CPU.ActiveCfg = Debug|Any CPU
		{B3A44CC2-43EA-49BA-B154-B00373B27185}.Debug|Any CPU.Build.0 = Debug|Any CPU
		{B3A44CC2-43EA-49BA-B154-B00373B27185}.Release|Any CPU.ActiveCfg = Release|Any CPU
		{B3A44CC2-43EA-49BA-B154-B00373B27185}.Release|Any CPU.Build.0 = Release|Any CPU
		{E271448C-985A-4D98-B8BC-EFF28F22502A}.Debug|Any CPU.ActiveCfg = Debug|Any CPU
		{E271448C-985A-4D98-B8BC-EFF28F22502A}.Debug|Any CPU.Build.0 = Debug|Any CPU
		{E271448C-985A-4D98-B8BC-EFF28F22502A}.Release|Any CPU.ActiveCfg = Release|Any CPU
		{E271448C-985A-4D98-B8BC-EFF28F22502A}.Release|Any CPU.Build.0 = Release|Any CPU
		{EAF6CDD8-2A42-41DB-80B8-8C41637D1FF6}.Debug|Any CPU.ActiveCfg = Debug|Any CPU
		{EAF6CDD8-2A42-41DB-80B8-8C41637D1FF6}.Debug|Any CPU.Build.0 = Debug|Any CPU
		{EAF6CDD8-2A42-41DB-80B8-8C41637D1FF6}.Release|Any CPU.ActiveCfg = Release|Any CPU
		{EAF6CDD8-2A42-41DB-80B8-8C41637D1FF6}.Release|Any CPU.Build.0 = Release|Any CPU
		{9F1F9254-DC5A-4B95-B5CA-56A9CBEB8ADC}.Debug|Any CPU.ActiveCfg = Debug|Any CPU
		{9F1F9254-DC5A-4B95-B5CA-56A9CBEB8ADC}.Debug|Any CPU.Build.0 = Debug|Any CPU
		{9F1F9254-DC5A-4B95-B5CA-56A9CBEB8ADC}.Release|Any CPU.ActiveCfg = Release|Any CPU
		{9F1F9254-DC5A-4B95-B5CA-56A9CBEB8ADC}.Release|Any CPU.Build.0 = Release|Any CPU
		{6C878A7F-1202-4006-BA5C-ADCF164BAE0E}.Debug|Any CPU.ActiveCfg = Debug|Any CPU
		{6C878A7F-1202-4006-BA5C-ADCF164BAE0E}.Debug|Any CPU.Build.0 = Debug|Any CPU
		{6C878A7F-1202-4006-BA5C-ADCF164BAE0E}.Release|Any CPU.ActiveCfg = Release|Any CPU
		{6C878A7F-1202-4006-BA5C-ADCF164BAE0E}.Release|Any CPU.Build.0 = Release|Any CPU
		{2D2C2BB0-72CB-4CE6-A7AB-AEF7FA7B0A2D}.Debug|Any CPU.ActiveCfg = Debug|Any CPU
		{2D2C2BB0-72CB-4CE6-A7AB-AEF7FA7B0A2D}.Debug|Any CPU.Build.0 = Debug|Any CPU
		{2D2C2BB0-72CB-4CE6-A7AB-AEF7FA7B0A2D}.Release|Any CPU.ActiveCfg = Release|Any CPU
		{2D2C2BB0-72CB-4CE6-A7AB-AEF7FA7B0A2D}.Release|Any CPU.Build.0 = Release|Any CPU
		{F1467CAB-D237-4332-8ED6-AC21547E9CD2}.Debug|Any CPU.ActiveCfg = Debug|Any CPU
		{F1467CAB-D237-4332-8ED6-AC21547E9CD2}.Debug|Any CPU.Build.0 = Debug|Any CPU
		{F1467CAB-D237-4332-8ED6-AC21547E9CD2}.Release|Any CPU.ActiveCfg = Release|Any CPU
		{F1467CAB-D237-4332-8ED6-AC21547E9CD2}.Release|Any CPU.Build.0 = Release|Any CPU
		{8A8B5980-313D-4B0A-84E9-093EC8FA17A1}.Debug|Any CPU.ActiveCfg = Debug|Any CPU
		{8A8B5980-313D-4B0A-84E9-093EC8FA17A1}.Debug|Any CPU.Build.0 = Debug|Any CPU
		{8A8B5980-313D-4B0A-84E9-093EC8FA17A1}.Release|Any CPU.ActiveCfg = Release|Any CPU
		{8A8B5980-313D-4B0A-84E9-093EC8FA17A1}.Release|Any CPU.Build.0 = Release|Any CPU
		{31D9F0B0-8CD8-4A49-BAC0-4298C24AEE37}.Debug|Any CPU.ActiveCfg = Debug|Any CPU
		{31D9F0B0-8CD8-4A49-BAC0-4298C24AEE37}.Debug|Any CPU.Build.0 = Debug|Any CPU
		{31D9F0B0-8CD8-4A49-BAC0-4298C24AEE37}.Release|Any CPU.ActiveCfg = Release|Any CPU
		{31D9F0B0-8CD8-4A49-BAC0-4298C24AEE37}.Release|Any CPU.Build.0 = Release|Any CPU
		{CB4FF2F8-E270-43AD-B673-9A03BD3BD490}.Debug|Any CPU.ActiveCfg = Debug|Any CPU
		{CB4FF2F8-E270-43AD-B673-9A03BD3BD490}.Debug|Any CPU.Build.0 = Debug|Any CPU
		{CB4FF2F8-E270-43AD-B673-9A03BD3BD490}.Release|Any CPU.ActiveCfg = Release|Any CPU
		{CB4FF2F8-E270-43AD-B673-9A03BD3BD490}.Release|Any CPU.Build.0 = Release|Any CPU
		{90CA6D60-444D-49B6-B806-098D1E9404D5}.Debug|Any CPU.ActiveCfg = Debug|Any CPU
		{90CA6D60-444D-49B6-B806-098D1E9404D5}.Debug|Any CPU.Build.0 = Debug|Any CPU
		{90CA6D60-444D-49B6-B806-098D1E9404D5}.Release|Any CPU.ActiveCfg = Release|Any CPU
		{90CA6D60-444D-49B6-B806-098D1E9404D5}.Release|Any CPU.Build.0 = Release|Any CPU
		{A4349633-A0F9-45FC-8D2C-32235DB8815F}.Debug|Any CPU.ActiveCfg = Debug|Any CPU
		{A4349633-A0F9-45FC-8D2C-32235DB8815F}.Debug|Any CPU.Build.0 = Debug|Any CPU
		{A4349633-A0F9-45FC-8D2C-32235DB8815F}.Release|Any CPU.ActiveCfg = Release|Any CPU
		{A4349633-A0F9-45FC-8D2C-32235DB8815F}.Release|Any CPU.Build.0 = Release|Any CPU
		{1D907C76-0803-4055-9A19-2CF1CBBFBAAE}.Debug|Any CPU.ActiveCfg = Debug|Any CPU
		{1D907C76-0803-4055-9A19-2CF1CBBFBAAE}.Debug|Any CPU.Build.0 = Debug|Any CPU
		{1D907C76-0803-4055-9A19-2CF1CBBFBAAE}.Release|Any CPU.ActiveCfg = Release|Any CPU
		{1D907C76-0803-4055-9A19-2CF1CBBFBAAE}.Release|Any CPU.Build.0 = Release|Any CPU
		{97EDF649-C6FF-4616-8B6F-557F3D768F13}.Debug|Any CPU.ActiveCfg = Debug|Any CPU
		{97EDF649-C6FF-4616-8B6F-557F3D768F13}.Debug|Any CPU.Build.0 = Debug|Any CPU
		{97EDF649-C6FF-4616-8B6F-557F3D768F13}.Release|Any CPU.ActiveCfg = Release|Any CPU
		{97EDF649-C6FF-4616-8B6F-557F3D768F13}.Release|Any CPU.Build.0 = Release|Any CPU
		{813D1C2F-86E0-480B-8C05-F617FF74D0CE}.Debug|Any CPU.ActiveCfg = Debug|Any CPU
		{813D1C2F-86E0-480B-8C05-F617FF74D0CE}.Debug|Any CPU.Build.0 = Debug|Any CPU
		{813D1C2F-86E0-480B-8C05-F617FF74D0CE}.Release|Any CPU.ActiveCfg = Release|Any CPU
		{813D1C2F-86E0-480B-8C05-F617FF74D0CE}.Release|Any CPU.Build.0 = Release|Any CPU
		{BF1F0B68-93A1-4823-98C9-04583E660D48}.Debug|Any CPU.ActiveCfg = Debug|Any CPU
		{BF1F0B68-93A1-4823-98C9-04583E660D48}.Debug|Any CPU.Build.0 = Debug|Any CPU
		{BF1F0B68-93A1-4823-98C9-04583E660D48}.Release|Any CPU.ActiveCfg = Release|Any CPU
		{BF1F0B68-93A1-4823-98C9-04583E660D48}.Release|Any CPU.Build.0 = Release|Any CPU
		{306868F4-829E-4989-ADC3-8E16667769DA}.Debug|Any CPU.ActiveCfg = Debug|Any CPU
		{306868F4-829E-4989-ADC3-8E16667769DA}.Debug|Any CPU.Build.0 = Debug|Any CPU
		{306868F4-829E-4989-ADC3-8E16667769DA}.Release|Any CPU.ActiveCfg = Release|Any CPU
		{306868F4-829E-4989-ADC3-8E16667769DA}.Release|Any CPU.Build.0 = Release|Any CPU
		{C79EE5D8-3F1A-417F-9930-53C71F4939C4}.Debug|Any CPU.ActiveCfg = Debug|Any CPU
		{C79EE5D8-3F1A-417F-9930-53C71F4939C4}.Debug|Any CPU.Build.0 = Debug|Any CPU
		{C79EE5D8-3F1A-417F-9930-53C71F4939C4}.Release|Any CPU.ActiveCfg = Release|Any CPU
		{C79EE5D8-3F1A-417F-9930-53C71F4939C4}.Release|Any CPU.Build.0 = Release|Any CPU
		{FEC1D232-ABAC-4E41-A436-D3CEA7F7753D}.Debug|Any CPU.ActiveCfg = Debug|Any CPU
		{FEC1D232-ABAC-4E41-A436-D3CEA7F7753D}.Debug|Any CPU.Build.0 = Debug|Any CPU
		{FEC1D232-ABAC-4E41-A436-D3CEA7F7753D}.Release|Any CPU.ActiveCfg = Release|Any CPU
		{FEC1D232-ABAC-4E41-A436-D3CEA7F7753D}.Release|Any CPU.Build.0 = Release|Any CPU
		{0AE54588-952E-43B4-9828-D2564DB06274}.Debug|Any CPU.ActiveCfg = Debug|Any CPU
		{0AE54588-952E-43B4-9828-D2564DB06274}.Debug|Any CPU.Build.0 = Debug|Any CPU
		{0AE54588-952E-43B4-9828-D2564DB06274}.Release|Any CPU.ActiveCfg = Release|Any CPU
		{0AE54588-952E-43B4-9828-D2564DB06274}.Release|Any CPU.Build.0 = Release|Any CPU
		{95FF30A4-5F32-4891-8F86-EC2AB46F2803}.Debug|Any CPU.ActiveCfg = Debug|Any CPU
		{95FF30A4-5F32-4891-8F86-EC2AB46F2803}.Debug|Any CPU.Build.0 = Debug|Any CPU
		{95FF30A4-5F32-4891-8F86-EC2AB46F2803}.Release|Any CPU.ActiveCfg = Release|Any CPU
		{95FF30A4-5F32-4891-8F86-EC2AB46F2803}.Release|Any CPU.Build.0 = Release|Any CPU
		{198573C7-55B2-4949-8F64-28D4BEDEAF0E}.Debug|Any CPU.ActiveCfg = Debug|Any CPU
		{198573C7-55B2-4949-8F64-28D4BEDEAF0E}.Debug|Any CPU.Build.0 = Debug|Any CPU
		{198573C7-55B2-4949-8F64-28D4BEDEAF0E}.Release|Any CPU.ActiveCfg = Release|Any CPU
		{198573C7-55B2-4949-8F64-28D4BEDEAF0E}.Release|Any CPU.Build.0 = Release|Any CPU
		{C5176B84-D14A-4FB2-8187-8BAE05765728}.Debug|Any CPU.ActiveCfg = Debug|Any CPU
		{C5176B84-D14A-4FB2-8187-8BAE05765728}.Debug|Any CPU.Build.0 = Debug|Any CPU
		{C5176B84-D14A-4FB2-8187-8BAE05765728}.Release|Any CPU.ActiveCfg = Release|Any CPU
		{C5176B84-D14A-4FB2-8187-8BAE05765728}.Release|Any CPU.Build.0 = Release|Any CPU
		{37189DE4-734B-4CFE-823D-AE4FFE3EAA18}.Debug|Any CPU.ActiveCfg = Debug|Any CPU
		{37189DE4-734B-4CFE-823D-AE4FFE3EAA18}.Debug|Any CPU.Build.0 = Debug|Any CPU
		{37189DE4-734B-4CFE-823D-AE4FFE3EAA18}.Release|Any CPU.ActiveCfg = Release|Any CPU
		{37189DE4-734B-4CFE-823D-AE4FFE3EAA18}.Release|Any CPU.Build.0 = Release|Any CPU
		{74219350-52D9-4B83-8F66-7A1753856F71}.Debug|Any CPU.ActiveCfg = Debug|Any CPU
		{74219350-52D9-4B83-8F66-7A1753856F71}.Debug|Any CPU.Build.0 = Debug|Any CPU
		{74219350-52D9-4B83-8F66-7A1753856F71}.Release|Any CPU.ActiveCfg = Release|Any CPU
		{74219350-52D9-4B83-8F66-7A1753856F71}.Release|Any CPU.Build.0 = Release|Any CPU
		{82F25D76-4F35-4028-BFF0-0DAE4DE2BA0F}.Debug|Any CPU.ActiveCfg = Debug|Any CPU
		{82F25D76-4F35-4028-BFF0-0DAE4DE2BA0F}.Debug|Any CPU.Build.0 = Debug|Any CPU
		{82F25D76-4F35-4028-BFF0-0DAE4DE2BA0F}.Release|Any CPU.ActiveCfg = Release|Any CPU
		{82F25D76-4F35-4028-BFF0-0DAE4DE2BA0F}.Release|Any CPU.Build.0 = Release|Any CPU
		{A762E6A6-BA9D-4E33-85B3-E9E7C4D259E2}.Debug|Any CPU.ActiveCfg = Debug|Any CPU
		{A762E6A6-BA9D-4E33-85B3-E9E7C4D259E2}.Debug|Any CPU.Build.0 = Debug|Any CPU
		{A762E6A6-BA9D-4E33-85B3-E9E7C4D259E2}.Release|Any CPU.ActiveCfg = Release|Any CPU
		{A762E6A6-BA9D-4E33-85B3-E9E7C4D259E2}.Release|Any CPU.Build.0 = Release|Any CPU
		{6830AEC8-7AA4-4EF6-BAB3-DE2A4DA09C21}.Debug|Any CPU.ActiveCfg = Debug|Any CPU
		{6830AEC8-7AA4-4EF6-BAB3-DE2A4DA09C21}.Debug|Any CPU.Build.0 = Debug|Any CPU
		{6830AEC8-7AA4-4EF6-BAB3-DE2A4DA09C21}.Release|Any CPU.ActiveCfg = Release|Any CPU
		{6830AEC8-7AA4-4EF6-BAB3-DE2A4DA09C21}.Release|Any CPU.Build.0 = Release|Any CPU
		{1EF1D1DF-C64A-4DE0-B3D1-CCC034B87C33}.Debug|Any CPU.ActiveCfg = Debug|Any CPU
		{1EF1D1DF-C64A-4DE0-B3D1-CCC034B87C33}.Debug|Any CPU.Build.0 = Debug|Any CPU
		{1EF1D1DF-C64A-4DE0-B3D1-CCC034B87C33}.Release|Any CPU.ActiveCfg = Release|Any CPU
		{1EF1D1DF-C64A-4DE0-B3D1-CCC034B87C33}.Release|Any CPU.Build.0 = Release|Any CPU
		{8A6E0DFC-5BAC-4A34-B2DF-5A5057C43F39}.Debug|Any CPU.ActiveCfg = Debug|Any CPU
		{8A6E0DFC-5BAC-4A34-B2DF-5A5057C43F39}.Debug|Any CPU.Build.0 = Debug|Any CPU
		{8A6E0DFC-5BAC-4A34-B2DF-5A5057C43F39}.Release|Any CPU.ActiveCfg = Release|Any CPU
		{8A6E0DFC-5BAC-4A34-B2DF-5A5057C43F39}.Release|Any CPU.Build.0 = Release|Any CPU
		{E537BB31-3B0D-45A2-B018-97460057C571}.Debug|Any CPU.ActiveCfg = Debug|Any CPU
		{E537BB31-3B0D-45A2-B018-97460057C571}.Debug|Any CPU.Build.0 = Debug|Any CPU
		{E537BB31-3B0D-45A2-B018-97460057C571}.Release|Any CPU.ActiveCfg = Release|Any CPU
		{E537BB31-3B0D-45A2-B018-97460057C571}.Release|Any CPU.Build.0 = Release|Any CPU
		{97DDCBD5-1396-4181-ACFC-DCA71E728AA3}.Debug|Any CPU.ActiveCfg = Debug|Any CPU
		{97DDCBD5-1396-4181-ACFC-DCA71E728AA3}.Debug|Any CPU.Build.0 = Debug|Any CPU
		{97DDCBD5-1396-4181-ACFC-DCA71E728AA3}.Release|Any CPU.ActiveCfg = Release|Any CPU
		{97DDCBD5-1396-4181-ACFC-DCA71E728AA3}.Release|Any CPU.Build.0 = Release|Any CPU
		{08B45EF4-F8F2-4C7B-8B13-961AE82F8220}.Debug|Any CPU.ActiveCfg = Debug|Any CPU
		{08B45EF4-F8F2-4C7B-8B13-961AE82F8220}.Debug|Any CPU.Build.0 = Debug|Any CPU
		{08B45EF4-F8F2-4C7B-8B13-961AE82F8220}.Release|Any CPU.ActiveCfg = Release|Any CPU
		{08B45EF4-F8F2-4C7B-8B13-961AE82F8220}.Release|Any CPU.Build.0 = Release|Any CPU
		{A8EC913D-3F7C-4BE9-A500-9DF0F8BB4CE3}.Debug|Any CPU.ActiveCfg = Debug|Any CPU
		{A8EC913D-3F7C-4BE9-A500-9DF0F8BB4CE3}.Debug|Any CPU.Build.0 = Debug|Any CPU
		{A8EC913D-3F7C-4BE9-A500-9DF0F8BB4CE3}.Release|Any CPU.ActiveCfg = Release|Any CPU
		{A8EC913D-3F7C-4BE9-A500-9DF0F8BB4CE3}.Release|Any CPU.Build.0 = Release|Any CPU
		{A7059E44-3790-4A83-A4AD-D34C4007BFEC}.Debug|Any CPU.ActiveCfg = Debug|Any CPU
		{A7059E44-3790-4A83-A4AD-D34C4007BFEC}.Debug|Any CPU.Build.0 = Debug|Any CPU
		{A7059E44-3790-4A83-A4AD-D34C4007BFEC}.Release|Any CPU.ActiveCfg = Release|Any CPU
		{A7059E44-3790-4A83-A4AD-D34C4007BFEC}.Release|Any CPU.Build.0 = Release|Any CPU
		{F9D70405-2FDE-4356-96E8-61D25587C1C8}.Debug|Any CPU.ActiveCfg = Debug|Any CPU
		{F9D70405-2FDE-4356-96E8-61D25587C1C8}.Debug|Any CPU.Build.0 = Debug|Any CPU
		{F9D70405-2FDE-4356-96E8-61D25587C1C8}.Release|Any CPU.ActiveCfg = Release|Any CPU
		{F9D70405-2FDE-4356-96E8-61D25587C1C8}.Release|Any CPU.Build.0 = Release|Any CPU
		{C1718355-44DE-44B9-BCC8-98765BA430BC}.Debug|Any CPU.ActiveCfg = Debug|Any CPU
		{C1718355-44DE-44B9-BCC8-98765BA430BC}.Debug|Any CPU.Build.0 = Debug|Any CPU
		{C1718355-44DE-44B9-BCC8-98765BA430BC}.Release|Any CPU.ActiveCfg = Release|Any CPU
		{C1718355-44DE-44B9-BCC8-98765BA430BC}.Release|Any CPU.Build.0 = Release|Any CPU
		{53FCB179-E6D3-4A7B-BB6B-4D99BF7D753C}.Debug|Any CPU.ActiveCfg = Debug|Any CPU
		{53FCB179-E6D3-4A7B-BB6B-4D99BF7D753C}.Debug|Any CPU.Build.0 = Debug|Any CPU
		{53FCB179-E6D3-4A7B-BB6B-4D99BF7D753C}.Release|Any CPU.ActiveCfg = Release|Any CPU
		{53FCB179-E6D3-4A7B-BB6B-4D99BF7D753C}.Release|Any CPU.Build.0 = Release|Any CPU
		{0B1ED14B-1EC1-4DF5-B8D3-BDC7DBDD988D}.Debug|Any CPU.ActiveCfg = Debug|Any CPU
		{0B1ED14B-1EC1-4DF5-B8D3-BDC7DBDD988D}.Debug|Any CPU.Build.0 = Debug|Any CPU
		{0B1ED14B-1EC1-4DF5-B8D3-BDC7DBDD988D}.Release|Any CPU.ActiveCfg = Release|Any CPU
		{0B1ED14B-1EC1-4DF5-B8D3-BDC7DBDD988D}.Release|Any CPU.Build.0 = Release|Any CPU
		{EDBCA4C9-B841-4E1C-92E9-4671E1AB0B9F}.Debug|Any CPU.ActiveCfg = Debug|Any CPU
		{EDBCA4C9-B841-4E1C-92E9-4671E1AB0B9F}.Debug|Any CPU.Build.0 = Debug|Any CPU
		{EDBCA4C9-B841-4E1C-92E9-4671E1AB0B9F}.Release|Any CPU.ActiveCfg = Release|Any CPU
		{EDBCA4C9-B841-4E1C-92E9-4671E1AB0B9F}.Release|Any CPU.Build.0 = Release|Any CPU
		{03AD9C1C-6246-4512-9188-C895C5A409C2}.Debug|Any CPU.ActiveCfg = Debug|Any CPU
		{03AD9C1C-6246-4512-9188-C895C5A409C2}.Debug|Any CPU.Build.0 = Debug|Any CPU
		{03AD9C1C-6246-4512-9188-C895C5A409C2}.Release|Any CPU.ActiveCfg = Release|Any CPU
		{03AD9C1C-6246-4512-9188-C895C5A409C2}.Release|Any CPU.Build.0 = Release|Any CPU
		{80293012-5B6F-4C7D-8881-4A1DD9AB7DA6}.Debug|Any CPU.ActiveCfg = Debug|Any CPU
		{80293012-5B6F-4C7D-8881-4A1DD9AB7DA6}.Debug|Any CPU.Build.0 = Debug|Any CPU
		{80293012-5B6F-4C7D-8881-4A1DD9AB7DA6}.Release|Any CPU.ActiveCfg = Release|Any CPU
		{80293012-5B6F-4C7D-8881-4A1DD9AB7DA6}.Release|Any CPU.Build.0 = Release|Any CPU
		{EC819974-3662-4B4B-A8F2-DCE01FE8E1C3}.Debug|Any CPU.ActiveCfg = Debug|Any CPU
		{EC819974-3662-4B4B-A8F2-DCE01FE8E1C3}.Debug|Any CPU.Build.0 = Debug|Any CPU
		{EC819974-3662-4B4B-A8F2-DCE01FE8E1C3}.Release|Any CPU.ActiveCfg = Release|Any CPU
		{EC819974-3662-4B4B-A8F2-DCE01FE8E1C3}.Release|Any CPU.Build.0 = Release|Any CPU
		{B4EAA9BA-344F-45B7-A137-0A07BF8F4E03}.Debug|Any CPU.ActiveCfg = Debug|Any CPU
		{B4EAA9BA-344F-45B7-A137-0A07BF8F4E03}.Debug|Any CPU.Build.0 = Debug|Any CPU
		{B4EAA9BA-344F-45B7-A137-0A07BF8F4E03}.Release|Any CPU.ActiveCfg = Release|Any CPU
		{B4EAA9BA-344F-45B7-A137-0A07BF8F4E03}.Release|Any CPU.Build.0 = Release|Any CPU
		{2007FF0C-6104-494B-A4F1-9104003D7083}.Debug|Any CPU.ActiveCfg = Debug|Any CPU
		{2007FF0C-6104-494B-A4F1-9104003D7083}.Debug|Any CPU.Build.0 = Debug|Any CPU
		{2007FF0C-6104-494B-A4F1-9104003D7083}.Release|Any CPU.ActiveCfg = Release|Any CPU
		{2007FF0C-6104-494B-A4F1-9104003D7083}.Release|Any CPU.Build.0 = Release|Any CPU
		{5AA26E12-4C22-4F5F-9A7B-8262DF814A6C}.Debug|Any CPU.ActiveCfg = Debug|Any CPU
		{5AA26E12-4C22-4F5F-9A7B-8262DF814A6C}.Debug|Any CPU.Build.0 = Debug|Any CPU
		{5AA26E12-4C22-4F5F-9A7B-8262DF814A6C}.Release|Any CPU.ActiveCfg = Release|Any CPU
		{5AA26E12-4C22-4F5F-9A7B-8262DF814A6C}.Release|Any CPU.Build.0 = Release|Any CPU
		{562C0D60-F8DD-43A6-9A7B-B63E447D90BD}.Debug|Any CPU.ActiveCfg = Debug|Any CPU
		{562C0D60-F8DD-43A6-9A7B-B63E447D90BD}.Debug|Any CPU.Build.0 = Debug|Any CPU
		{562C0D60-F8DD-43A6-9A7B-B63E447D90BD}.Release|Any CPU.ActiveCfg = Release|Any CPU
		{562C0D60-F8DD-43A6-9A7B-B63E447D90BD}.Release|Any CPU.Build.0 = Release|Any CPU
	EndGlobalSection
	GlobalSection(SolutionProperties) = preSolution
		HideSolutionNode = FALSE
	EndGlobalSection
	GlobalSection(ExtensibilityGlobals) = postSolution
		SolutionGuid = {B7EB776F-90EF-4B98-B47F-BA3EB5C7173B}
	EndGlobalSection
EndGlobal
